
Microsoft Visual Studio Solution File, Format Version 12.00
# Visual Studio Version 17
VisualStudioVersion = 17.9.34616.47
MinimumVisualStudioVersion = 10.0.40219.1
Project("{FAE04EC0-301F-11D3-BF4B-00C04F79EFBC}") = "Ahao.Algorithm", "Ahao.Algorithm\Ahao.Algorithm.csproj", "{D7BA32B1-19EE-4A8B-BBCF-EAC37F9A74D4}"
EndProject
Project("{FAE04EC0-301F-11D3-BF4B-00C04F79EFBC}") = "Ahao.DataStructure", "Ahao.DataStructure\Ahao.DataStructure.csproj", "{82F83042-5478-4F20-925D-2DF24698AEC3}"
EndProject
Project("{2150E333-8FDC-42A3-9474-1A3956D46DE8}") = "Redis", "Redis", "{D437FA37-E610-4987-8B58-3FFCF54CF1D8}"
EndProject
Project("{FAE04EC0-301F-11D3-BF4B-00C04F79EFBC}") = "Redis-String", "Redis-String\Redis-String.csproj", "{54873103-F4B7-4F8C-A4FF-925E2D884DA5}"
EndProject
Project("{FAE04EC0-301F-11D3-BF4B-00C04F79EFBC}") = "Redis-Hash", "Redis-Hash\Redis-Hash.csproj", "{FE771D95-84A1-417A-8B81-00D73037544F}"
EndProject
Project("{FAE04EC0-301F-11D3-BF4B-00C04F79EFBC}") = "Redis-List", "Redis-List\Redis-List.csproj", "{48BAE585-6414-4C0D-8147-8EED20ECCF8A}"
EndProject
Project("{FAE04EC0-301F-11D3-BF4B-00C04F79EFBC}") = "Redis_SetAndZset", "Redis_SetAndZset\Redis_SetAndZset.csproj", "{AD7F7771-70CB-4AA1-8D1D-D82D871542D7}"
EndProject
Project("{FAE04EC0-301F-11D3-BF4B-00C04F79EFBC}") = "Redis-LockServer", "Redis-LockServer\Redis-LockServer.csproj", "{F794739E-706F-4EE9-ABD9-F451D8BC828C}"
EndProject
Project("{9A19103F-16F7-4668-BE54-9A1E7A4F7556}") = "Ahao.Nowcoder", "Ahao.Nowcoder\Ahao.Nowcoder.csproj", "{00B3FB29-FA30-4D64-94DB-2B0624DBFF11}"
EndProject
Project("{9A19103F-16F7-4668-BE54-9A1E7A4F7556}") = "Ahao.Lintcode", "Ahao.Lintcode\Ahao.Lintcode.csproj", "{952B1533-2D63-44FB-BE77-30F19AB4D535}"
EndProject
Project("{9A19103F-16F7-4668-BE54-9A1E7A4F7556}") = "Ahao.LeetCode", "Ahao.LeetCode\Ahao.LeetCode.csproj", "{56D3834E-4AE0-4DE4-A523-334E20C071AC}"
EndProject
Project("{9A19103F-16F7-4668-BE54-9A1E7A4F7556}") = "Ahao.CodingInterviewGuide", "Ahao.CodingInterviewGuide\Ahao.CodingInterviewGuide.csproj", "{5BB008C5-CE29-4F66-8B0E-A6299B4D4DF6}"
EndProject
Project("{9A19103F-16F7-4668-BE54-9A1E7A4F7556}") = "Ahao.AcWing", "Ahao.AcWing\Ahao.AcWing.csproj", "{9B552AE6-2D00-411E-B0A4-3A3404C20340}"
EndProject
Project("{8BC9CEB8-8B4A-11D0-8D11-00A0C91BC942}") = "Ahao.AcWingCPP", "Ahao.AcWingCPP\Ahao.AcWingCPP.vcxproj", "{395F1FBE-722A-40D2-80F0-F5BE649E5DDC}"
EndProject
Project("{2150E333-8FDC-42A3-9474-1A3956D46DE8}") = "AcWing", "AcWing", "{E719B251-AB46-4AE2-AFFB-B6D9A048F04B}"
EndProject
Project("{2150E333-8FDC-42A3-9474-1A3956D46DE8}") = "LeetCode", "LeetCode", "{98773F82-95AD-498B-A595-C76A93D6B84F}"
EndProject
Project("{8BC9CEB8-8B4A-11D0-8D11-00A0C91BC942}") = "Ahao.LeetCodeCPP", "Ahao.LeetCodeCPP\Ahao.LeetCodeCPP.vcxproj", "{BA135619-7CDE-43A8-9C98-08E3CF44EC48}"
EndProject
Project("{2150E333-8FDC-42A3-9474-1A3956D46DE8}") = "LintCode", "LintCode", "{9D9F66CE-3A8B-411F-A8DD-74AE3BB3269E}"
EndProject
Project("{8BC9CEB8-8B4A-11D0-8D11-00A0C91BC942}") = "Ahao.LintcodeCPP", "Ahao.LintcodeCPP\Ahao.LintcodeCPP.vcxproj", "{F36DE8D8-A59A-4C86-A883-AAD3F52052BE}"
EndProject
Project("{2150E333-8FDC-42A3-9474-1A3956D46DE8}") = "Nowcoder", "Nowcoder", "{4F029FD0-5845-48DF-82F9-42DF8B035CB5}"
EndProject
Project("{8BC9CEB8-8B4A-11D0-8D11-00A0C91BC942}") = "Ahao.NowcoderCPP", "Ahao.NowcoderCPP\Ahao.NowcoderCPP.vcxproj", "{334CEBB0-4CCB-4161-BD18-1C1C2756EF98}"
EndProject
Project("{9A19103F-16F7-4668-BE54-9A1E7A4F7556}") = "Ahao.Offer", "Ahao.Offer\Ahao.Offer.csproj", "{5E1150D3-D488-4FBF-B586-E7B4AE0A262C}"
EndProject
Project("{8BC9CEB8-8B4A-11D0-8D11-00A0C91BC942}") = "Ahao.OfferCPP", "Ahao.OfferCPP\Ahao.OfferCPP.vcxproj", "{90CDCCC5-5B12-4486-8650-A988CDF4A4A7}"
EndProject
Project("{2150E333-8FDC-42A3-9474-1A3956D46DE8}") = "Luogu", "Luogu", "{C894C8CB-E5DF-4A15-9EC8-355CC2FE91E6}"
EndProject
Project("{8BC9CEB8-8B4A-11D0-8D11-00A0C91BC942}") = "Ahao.Luogu.CPP", "Ahao.Luogu.CPP\Ahao.Luogu.CPP.vcxproj", "{ADE1BD69-87A1-4CD8-AB43-FFFE5BD95F2E}"
EndProject
Project("{9A19103F-16F7-4668-BE54-9A1E7A4F7556}") = "Ahao.Luogu", "Ahao.Luogu\Ahao.Luogu.csproj", "{4F14C3F6-002D-4E22-A430-220A0612A4C9}"
EndProject
Project("{2150E333-8FDC-42A3-9474-1A3956D46DE8}") = "CodingInterviewGuide", "CodingInterviewGuide", "{86D404E7-DB58-4E36-8A2D-F8F30ADF0CBA}"
EndProject
Project("{2150E333-8FDC-42A3-9474-1A3956D46DE8}") = "GraphicDataStructure", "GraphicDataStructure", "{546A633A-1C01-4898-B216-F817A70A1918}"
EndProject
Project("{2150E333-8FDC-42A3-9474-1A3956D46DE8}") = "Chapter01", "Chapter01", "{AD4885DD-2795-4340-BB59-357A984B23B8}"
EndProject
Project("{2150E333-8FDC-42A3-9474-1A3956D46DE8}") = "Chapter02", "Chapter02", "{FC7DB309-D33E-4FB1-A3B4-DE917DBC62DF}"
EndProject
Project("{9A19103F-16F7-4668-BE54-9A1E7A4F7556}") = "Ahao.LeetCodeLCP", "Ahao.LeetCodeLCP\Ahao.LeetCodeLCP.csproj", "{AF031B34-A334-49F5-A392-E31BF3E9BB6F}"
EndProject
Project("{8BC9CEB8-8B4A-11D0-8D11-00A0C91BC942}") = "Ahao.LeetCodeLCPCPP", "Ahao.LeetCodeLCPCPP\Ahao.LeetCodeLCPCPP.vcxproj", "{F6526551-D242-42F2-B250-7CD2613137AE}"
EndProject
Project("{2150E333-8FDC-42A3-9474-1A3956D46DE8}") = "AlgorithmCompetition", "AlgorithmCompetition", "{5623BEE2-F5BF-4870-BF70-687E0078AC91}"
EndProject
Project("{8BC9CEB8-8B4A-11D0-8D11-00A0C91BC942}") = "Ahao.AlgorithmCompetition", "Ahao.AlgorithmCompetition\Ahao.AlgorithmCompetition.vcxproj", "{1A7F0EDB-4848-4FC3-BB8D-B812727DFBF1}"
EndProject
Project("{FAE04EC0-301F-11D3-BF4B-00C04F79EFBC}") = "ch01_01", "GraphicDataStructure\ch01_01\ch01_01.csproj", "{9053E895-C280-4F3B-8037-E14DD6D7F095}"
EndProject
Project("{FAE04EC0-301F-11D3-BF4B-00C04F79EFBC}") = "ch01_02", "GraphicDataStructure\ch01_02\ch01_02.csproj", "{317A25BB-6D38-4367-A91D-0D7226050F72}"
EndProject
Project("{FAE04EC0-301F-11D3-BF4B-00C04F79EFBC}") = "ch01_03", "GraphicDataStructure\ch01_03\ch01_03.csproj", "{2ECCC90C-104A-428D-BC0F-11743CEAF4F2}"
EndProject
Global
	GlobalSection(SolutionConfigurationPlatforms) = preSolution
		Debug|Any CPU = Debug|Any CPU
		Debug|x64 = Debug|x64
		Debug|x86 = Debug|x86
		Release|Any CPU = Release|Any CPU
		Release|x64 = Release|x64
		Release|x86 = Release|x86
	EndGlobalSection
	GlobalSection(ProjectConfigurationPlatforms) = postSolution
		{D7BA32B1-19EE-4A8B-BBCF-EAC37F9A74D4}.Debug|Any CPU.ActiveCfg = Debug|Any CPU
		{D7BA32B1-19EE-4A8B-BBCF-EAC37F9A74D4}.Debug|Any CPU.Build.0 = Debug|Any CPU
		{D7BA32B1-19EE-4A8B-BBCF-EAC37F9A74D4}.Debug|x64.ActiveCfg = Debug|Any CPU
		{D7BA32B1-19EE-4A8B-BBCF-EAC37F9A74D4}.Debug|x64.Build.0 = Debug|Any CPU
		{D7BA32B1-19EE-4A8B-BBCF-EAC37F9A74D4}.Debug|x86.ActiveCfg = Debug|Any CPU
		{D7BA32B1-19EE-4A8B-BBCF-EAC37F9A74D4}.Debug|x86.Build.0 = Debug|Any CPU
		{D7BA32B1-19EE-4A8B-BBCF-EAC37F9A74D4}.Release|Any CPU.ActiveCfg = Release|Any CPU
		{D7BA32B1-19EE-4A8B-BBCF-EAC37F9A74D4}.Release|Any CPU.Build.0 = Release|Any CPU
		{D7BA32B1-19EE-4A8B-BBCF-EAC37F9A74D4}.Release|x64.ActiveCfg = Release|Any CPU
		{D7BA32B1-19EE-4A8B-BBCF-EAC37F9A74D4}.Release|x64.Build.0 = Release|Any CPU
		{D7BA32B1-19EE-4A8B-BBCF-EAC37F9A74D4}.Release|x86.ActiveCfg = Release|Any CPU
		{D7BA32B1-19EE-4A8B-BBCF-EAC37F9A74D4}.Release|x86.Build.0 = Release|Any CPU
		{82F83042-5478-4F20-925D-2DF24698AEC3}.Debug|Any CPU.ActiveCfg = Debug|Any CPU
		{82F83042-5478-4F20-925D-2DF24698AEC3}.Debug|Any CPU.Build.0 = Debug|Any CPU
		{82F83042-5478-4F20-925D-2DF24698AEC3}.Debug|x64.ActiveCfg = Debug|Any CPU
		{82F83042-5478-4F20-925D-2DF24698AEC3}.Debug|x64.Build.0 = Debug|Any CPU
		{82F83042-5478-4F20-925D-2DF24698AEC3}.Debug|x86.ActiveCfg = Debug|Any CPU
		{82F83042-5478-4F20-925D-2DF24698AEC3}.Debug|x86.Build.0 = Debug|Any CPU
		{82F83042-5478-4F20-925D-2DF24698AEC3}.Release|Any CPU.ActiveCfg = Release|Any CPU
		{82F83042-5478-4F20-925D-2DF24698AEC3}.Release|Any CPU.Build.0 = Release|Any CPU
		{82F83042-5478-4F20-925D-2DF24698AEC3}.Release|x64.ActiveCfg = Release|Any CPU
		{82F83042-5478-4F20-925D-2DF24698AEC3}.Release|x64.Build.0 = Release|Any CPU
		{82F83042-5478-4F20-925D-2DF24698AEC3}.Release|x86.ActiveCfg = Release|Any CPU
		{82F83042-5478-4F20-925D-2DF24698AEC3}.Release|x86.Build.0 = Release|Any CPU
		{54873103-F4B7-4F8C-A4FF-925E2D884DA5}.Debug|Any CPU.ActiveCfg = Debug|Any CPU
		{54873103-F4B7-4F8C-A4FF-925E2D884DA5}.Debug|Any CPU.Build.0 = Debug|Any CPU
		{54873103-F4B7-4F8C-A4FF-925E2D884DA5}.Debug|x64.ActiveCfg = Debug|Any CPU
		{54873103-F4B7-4F8C-A4FF-925E2D884DA5}.Debug|x64.Build.0 = Debug|Any CPU
		{54873103-F4B7-4F8C-A4FF-925E2D884DA5}.Debug|x86.ActiveCfg = Debug|Any CPU
		{54873103-F4B7-4F8C-A4FF-925E2D884DA5}.Debug|x86.Build.0 = Debug|Any CPU
		{54873103-F4B7-4F8C-A4FF-925E2D884DA5}.Release|Any CPU.ActiveCfg = Release|Any CPU
		{54873103-F4B7-4F8C-A4FF-925E2D884DA5}.Release|Any CPU.Build.0 = Release|Any CPU
		{54873103-F4B7-4F8C-A4FF-925E2D884DA5}.Release|x64.ActiveCfg = Release|Any CPU
		{54873103-F4B7-4F8C-A4FF-925E2D884DA5}.Release|x64.Build.0 = Release|Any CPU
		{54873103-F4B7-4F8C-A4FF-925E2D884DA5}.Release|x86.ActiveCfg = Release|Any CPU
		{54873103-F4B7-4F8C-A4FF-925E2D884DA5}.Release|x86.Build.0 = Release|Any CPU
		{FE771D95-84A1-417A-8B81-00D73037544F}.Debug|Any CPU.ActiveCfg = Debug|Any CPU
		{FE771D95-84A1-417A-8B81-00D73037544F}.Debug|Any CPU.Build.0 = Debug|Any CPU
		{FE771D95-84A1-417A-8B81-00D73037544F}.Debug|x64.ActiveCfg = Debug|Any CPU
		{FE771D95-84A1-417A-8B81-00D73037544F}.Debug|x64.Build.0 = Debug|Any CPU
		{FE771D95-84A1-417A-8B81-00D73037544F}.Debug|x86.ActiveCfg = Debug|Any CPU
		{FE771D95-84A1-417A-8B81-00D73037544F}.Debug|x86.Build.0 = Debug|Any CPU
		{FE771D95-84A1-417A-8B81-00D73037544F}.Release|Any CPU.ActiveCfg = Release|Any CPU
		{FE771D95-84A1-417A-8B81-00D73037544F}.Release|Any CPU.Build.0 = Release|Any CPU
		{FE771D95-84A1-417A-8B81-00D73037544F}.Release|x64.ActiveCfg = Release|Any CPU
		{FE771D95-84A1-417A-8B81-00D73037544F}.Release|x64.Build.0 = Release|Any CPU
		{FE771D95-84A1-417A-8B81-00D73037544F}.Release|x86.ActiveCfg = Release|Any CPU
		{FE771D95-84A1-417A-8B81-00D73037544F}.Release|x86.Build.0 = Release|Any CPU
		{48BAE585-6414-4C0D-8147-8EED20ECCF8A}.Debug|Any CPU.ActiveCfg = Debug|Any CPU
		{48BAE585-6414-4C0D-8147-8EED20ECCF8A}.Debug|Any CPU.Build.0 = Debug|Any CPU
		{48BAE585-6414-4C0D-8147-8EED20ECCF8A}.Debug|x64.ActiveCfg = Debug|Any CPU
		{48BAE585-6414-4C0D-8147-8EED20ECCF8A}.Debug|x64.Build.0 = Debug|Any CPU
		{48BAE585-6414-4C0D-8147-8EED20ECCF8A}.Debug|x86.ActiveCfg = Debug|Any CPU
		{48BAE585-6414-4C0D-8147-8EED20ECCF8A}.Debug|x86.Build.0 = Debug|Any CPU
		{48BAE585-6414-4C0D-8147-8EED20ECCF8A}.Release|Any CPU.ActiveCfg = Release|Any CPU
		{48BAE585-6414-4C0D-8147-8EED20ECCF8A}.Release|Any CPU.Build.0 = Release|Any CPU
		{48BAE585-6414-4C0D-8147-8EED20ECCF8A}.Release|x64.ActiveCfg = Release|Any CPU
		{48BAE585-6414-4C0D-8147-8EED20ECCF8A}.Release|x64.Build.0 = Release|Any CPU
		{48BAE585-6414-4C0D-8147-8EED20ECCF8A}.Release|x86.ActiveCfg = Release|Any CPU
		{48BAE585-6414-4C0D-8147-8EED20ECCF8A}.Release|x86.Build.0 = Release|Any CPU
		{AD7F7771-70CB-4AA1-8D1D-D82D871542D7}.Debug|Any CPU.ActiveCfg = Debug|Any CPU
		{AD7F7771-70CB-4AA1-8D1D-D82D871542D7}.Debug|Any CPU.Build.0 = Debug|Any CPU
		{AD7F7771-70CB-4AA1-8D1D-D82D871542D7}.Debug|x64.ActiveCfg = Debug|Any CPU
		{AD7F7771-70CB-4AA1-8D1D-D82D871542D7}.Debug|x64.Build.0 = Debug|Any CPU
		{AD7F7771-70CB-4AA1-8D1D-D82D871542D7}.Debug|x86.ActiveCfg = Debug|Any CPU
		{AD7F7771-70CB-4AA1-8D1D-D82D871542D7}.Debug|x86.Build.0 = Debug|Any CPU
		{AD7F7771-70CB-4AA1-8D1D-D82D871542D7}.Release|Any CPU.ActiveCfg = Release|Any CPU
		{AD7F7771-70CB-4AA1-8D1D-D82D871542D7}.Release|Any CPU.Build.0 = Release|Any CPU
		{AD7F7771-70CB-4AA1-8D1D-D82D871542D7}.Release|x64.ActiveCfg = Release|Any CPU
		{AD7F7771-70CB-4AA1-8D1D-D82D871542D7}.Release|x64.Build.0 = Release|Any CPU
		{AD7F7771-70CB-4AA1-8D1D-D82D871542D7}.Release|x86.ActiveCfg = Release|Any CPU
		{AD7F7771-70CB-4AA1-8D1D-D82D871542D7}.Release|x86.Build.0 = Release|Any CPU
		{F794739E-706F-4EE9-ABD9-F451D8BC828C}.Debug|Any CPU.ActiveCfg = Debug|Any CPU
		{F794739E-706F-4EE9-ABD9-F451D8BC828C}.Debug|Any CPU.Build.0 = Debug|Any CPU
		{F794739E-706F-4EE9-ABD9-F451D8BC828C}.Debug|x64.ActiveCfg = Debug|Any CPU
		{F794739E-706F-4EE9-ABD9-F451D8BC828C}.Debug|x64.Build.0 = Debug|Any CPU
		{F794739E-706F-4EE9-ABD9-F451D8BC828C}.Debug|x86.ActiveCfg = Debug|Any CPU
		{F794739E-706F-4EE9-ABD9-F451D8BC828C}.Debug|x86.Build.0 = Debug|Any CPU
		{F794739E-706F-4EE9-ABD9-F451D8BC828C}.Release|Any CPU.ActiveCfg = Release|Any CPU
		{F794739E-706F-4EE9-ABD9-F451D8BC828C}.Release|Any CPU.Build.0 = Release|Any CPU
		{F794739E-706F-4EE9-ABD9-F451D8BC828C}.Release|x64.ActiveCfg = Release|Any CPU
		{F794739E-706F-4EE9-ABD9-F451D8BC828C}.Release|x64.Build.0 = Release|Any CPU
		{F794739E-706F-4EE9-ABD9-F451D8BC828C}.Release|x86.ActiveCfg = Release|Any CPU
		{F794739E-706F-4EE9-ABD9-F451D8BC828C}.Release|x86.Build.0 = Release|Any CPU
		{00B3FB29-FA30-4D64-94DB-2B0624DBFF11}.Debug|Any CPU.ActiveCfg = Debug|Any CPU
		{00B3FB29-FA30-4D64-94DB-2B0624DBFF11}.Debug|Any CPU.Build.0 = Debug|Any CPU
		{00B3FB29-FA30-4D64-94DB-2B0624DBFF11}.Debug|x64.ActiveCfg = Debug|Any CPU
		{00B3FB29-FA30-4D64-94DB-2B0624DBFF11}.Debug|x64.Build.0 = Debug|Any CPU
		{00B3FB29-FA30-4D64-94DB-2B0624DBFF11}.Debug|x86.ActiveCfg = Debug|Any CPU
		{00B3FB29-FA30-4D64-94DB-2B0624DBFF11}.Debug|x86.Build.0 = Debug|Any CPU
		{00B3FB29-FA30-4D64-94DB-2B0624DBFF11}.Release|Any CPU.ActiveCfg = Release|Any CPU
		{00B3FB29-FA30-4D64-94DB-2B0624DBFF11}.Release|Any CPU.Build.0 = Release|Any CPU
		{00B3FB29-FA30-4D64-94DB-2B0624DBFF11}.Release|x64.ActiveCfg = Release|Any CPU
		{00B3FB29-FA30-4D64-94DB-2B0624DBFF11}.Release|x64.Build.0 = Release|Any CPU
		{00B3FB29-FA30-4D64-94DB-2B0624DBFF11}.Release|x86.ActiveCfg = Release|Any CPU
		{00B3FB29-FA30-4D64-94DB-2B0624DBFF11}.Release|x86.Build.0 = Release|Any CPU
		{952B1533-2D63-44FB-BE77-30F19AB4D535}.Debug|Any CPU.ActiveCfg = Debug|Any CPU
		{952B1533-2D63-44FB-BE77-30F19AB4D535}.Debug|Any CPU.Build.0 = Debug|Any CPU
		{952B1533-2D63-44FB-BE77-30F19AB4D535}.Debug|x64.ActiveCfg = Debug|Any CPU
		{952B1533-2D63-44FB-BE77-30F19AB4D535}.Debug|x64.Build.0 = Debug|Any CPU
		{952B1533-2D63-44FB-BE77-30F19AB4D535}.Debug|x86.ActiveCfg = Debug|Any CPU
		{952B1533-2D63-44FB-BE77-30F19AB4D535}.Debug|x86.Build.0 = Debug|Any CPU
		{952B1533-2D63-44FB-BE77-30F19AB4D535}.Release|Any CPU.ActiveCfg = Release|Any CPU
		{952B1533-2D63-44FB-BE77-30F19AB4D535}.Release|Any CPU.Build.0 = Release|Any CPU
		{952B1533-2D63-44FB-BE77-30F19AB4D535}.Release|x64.ActiveCfg = Release|Any CPU
		{952B1533-2D63-44FB-BE77-30F19AB4D535}.Release|x64.Build.0 = Release|Any CPU
		{952B1533-2D63-44FB-BE77-30F19AB4D535}.Release|x86.ActiveCfg = Release|Any CPU
		{952B1533-2D63-44FB-BE77-30F19AB4D535}.Release|x86.Build.0 = Release|Any CPU
		{56D3834E-4AE0-4DE4-A523-334E20C071AC}.Debug|Any CPU.ActiveCfg = Debug|Any CPU
		{56D3834E-4AE0-4DE4-A523-334E20C071AC}.Debug|Any CPU.Build.0 = Debug|Any CPU
		{56D3834E-4AE0-4DE4-A523-334E20C071AC}.Debug|x64.ActiveCfg = Debug|Any CPU
		{56D3834E-4AE0-4DE4-A523-334E20C071AC}.Debug|x64.Build.0 = Debug|Any CPU
		{56D3834E-4AE0-4DE4-A523-334E20C071AC}.Debug|x86.ActiveCfg = Debug|Any CPU
		{56D3834E-4AE0-4DE4-A523-334E20C071AC}.Debug|x86.Build.0 = Debug|Any CPU
		{56D3834E-4AE0-4DE4-A523-334E20C071AC}.Release|Any CPU.ActiveCfg = Release|Any CPU
		{56D3834E-4AE0-4DE4-A523-334E20C071AC}.Release|Any CPU.Build.0 = Release|Any CPU
		{56D3834E-4AE0-4DE4-A523-334E20C071AC}.Release|x64.ActiveCfg = Release|Any CPU
		{56D3834E-4AE0-4DE4-A523-334E20C071AC}.Release|x64.Build.0 = Release|Any CPU
		{56D3834E-4AE0-4DE4-A523-334E20C071AC}.Release|x86.ActiveCfg = Release|Any CPU
		{56D3834E-4AE0-4DE4-A523-334E20C071AC}.Release|x86.Build.0 = Release|Any CPU
		{5BB008C5-CE29-4F66-8B0E-A6299B4D4DF6}.Debug|Any CPU.ActiveCfg = Debug|Any CPU
		{5BB008C5-CE29-4F66-8B0E-A6299B4D4DF6}.Debug|Any CPU.Build.0 = Debug|Any CPU
		{5BB008C5-CE29-4F66-8B0E-A6299B4D4DF6}.Debug|x64.ActiveCfg = Debug|Any CPU
		{5BB008C5-CE29-4F66-8B0E-A6299B4D4DF6}.Debug|x64.Build.0 = Debug|Any CPU
		{5BB008C5-CE29-4F66-8B0E-A6299B4D4DF6}.Debug|x86.ActiveCfg = Debug|Any CPU
		{5BB008C5-CE29-4F66-8B0E-A6299B4D4DF6}.Debug|x86.Build.0 = Debug|Any CPU
		{5BB008C5-CE29-4F66-8B0E-A6299B4D4DF6}.Release|Any CPU.ActiveCfg = Release|Any CPU
		{5BB008C5-CE29-4F66-8B0E-A6299B4D4DF6}.Release|Any CPU.Build.0 = Release|Any CPU
		{5BB008C5-CE29-4F66-8B0E-A6299B4D4DF6}.Release|x64.ActiveCfg = Release|Any CPU
		{5BB008C5-CE29-4F66-8B0E-A6299B4D4DF6}.Release|x64.Build.0 = Release|Any CPU
		{5BB008C5-CE29-4F66-8B0E-A6299B4D4DF6}.Release|x86.ActiveCfg = Release|Any CPU
		{5BB008C5-CE29-4F66-8B0E-A6299B4D4DF6}.Release|x86.Build.0 = Release|Any CPU
		{9B552AE6-2D00-411E-B0A4-3A3404C20340}.Debug|Any CPU.ActiveCfg = Debug|Any CPU
		{9B552AE6-2D00-411E-B0A4-3A3404C20340}.Debug|Any CPU.Build.0 = Debug|Any CPU
		{9B552AE6-2D00-411E-B0A4-3A3404C20340}.Debug|x64.ActiveCfg = Debug|Any CPU
		{9B552AE6-2D00-411E-B0A4-3A3404C20340}.Debug|x64.Build.0 = Debug|Any CPU
		{9B552AE6-2D00-411E-B0A4-3A3404C20340}.Debug|x86.ActiveCfg = Debug|Any CPU
		{9B552AE6-2D00-411E-B0A4-3A3404C20340}.Debug|x86.Build.0 = Debug|Any CPU
		{9B552AE6-2D00-411E-B0A4-3A3404C20340}.Release|Any CPU.ActiveCfg = Release|Any CPU
		{9B552AE6-2D00-411E-B0A4-3A3404C20340}.Release|Any CPU.Build.0 = Release|Any CPU
		{9B552AE6-2D00-411E-B0A4-3A3404C20340}.Release|x64.ActiveCfg = Release|Any CPU
		{9B552AE6-2D00-411E-B0A4-3A3404C20340}.Release|x64.Build.0 = Release|Any CPU
		{9B552AE6-2D00-411E-B0A4-3A3404C20340}.Release|x86.ActiveCfg = Release|Any CPU
		{9B552AE6-2D00-411E-B0A4-3A3404C20340}.Release|x86.Build.0 = Release|Any CPU
		{395F1FBE-722A-40D2-80F0-F5BE649E5DDC}.Debug|Any CPU.ActiveCfg = Debug|Win32
		{395F1FBE-722A-40D2-80F0-F5BE649E5DDC}.Debug|x64.ActiveCfg = Debug|x64
		{395F1FBE-722A-40D2-80F0-F5BE649E5DDC}.Debug|x64.Build.0 = Debug|x64
		{395F1FBE-722A-40D2-80F0-F5BE649E5DDC}.Debug|x86.ActiveCfg = Debug|Win32
		{395F1FBE-722A-40D2-80F0-F5BE649E5DDC}.Debug|x86.Build.0 = Debug|Win32
		{395F1FBE-722A-40D2-80F0-F5BE649E5DDC}.Release|Any CPU.ActiveCfg = Release|Win32
		{395F1FBE-722A-40D2-80F0-F5BE649E5DDC}.Release|x64.ActiveCfg = Release|x64
		{395F1FBE-722A-40D2-80F0-F5BE649E5DDC}.Release|x64.Build.0 = Release|x64
		{395F1FBE-722A-40D2-80F0-F5BE649E5DDC}.Release|x86.ActiveCfg = Release|Win32
		{395F1FBE-722A-40D2-80F0-F5BE649E5DDC}.Release|x86.Build.0 = Release|Win32
		{BA135619-7CDE-43A8-9C98-08E3CF44EC48}.Debug|Any CPU.ActiveCfg = Debug|Win32
		{BA135619-7CDE-43A8-9C98-08E3CF44EC48}.Debug|x64.ActiveCfg = Debug|x64
		{BA135619-7CDE-43A8-9C98-08E3CF44EC48}.Debug|x64.Build.0 = Debug|x64
		{BA135619-7CDE-43A8-9C98-08E3CF44EC48}.Debug|x86.ActiveCfg = Debug|Win32
		{BA135619-7CDE-43A8-9C98-08E3CF44EC48}.Debug|x86.Build.0 = Debug|Win32
		{BA135619-7CDE-43A8-9C98-08E3CF44EC48}.Release|Any CPU.ActiveCfg = Release|Win32
		{BA135619-7CDE-43A8-9C98-08E3CF44EC48}.Release|x64.ActiveCfg = Release|x64
		{BA135619-7CDE-43A8-9C98-08E3CF44EC48}.Release|x64.Build.0 = Release|x64
		{BA135619-7CDE-43A8-9C98-08E3CF44EC48}.Release|x86.ActiveCfg = Release|Win32
		{BA135619-7CDE-43A8-9C98-08E3CF44EC48}.Release|x86.Build.0 = Release|Win32
		{F36DE8D8-A59A-4C86-A883-AAD3F52052BE}.Debug|Any CPU.ActiveCfg = Debug|Win32
		{F36DE8D8-A59A-4C86-A883-AAD3F52052BE}.Debug|x64.ActiveCfg = Debug|x64
		{F36DE8D8-A59A-4C86-A883-AAD3F52052BE}.Debug|x64.Build.0 = Debug|x64
		{F36DE8D8-A59A-4C86-A883-AAD3F52052BE}.Debug|x86.ActiveCfg = Debug|Win32
		{F36DE8D8-A59A-4C86-A883-AAD3F52052BE}.Debug|x86.Build.0 = Debug|Win32
		{F36DE8D8-A59A-4C86-A883-AAD3F52052BE}.Release|Any CPU.ActiveCfg = Release|Win32
		{F36DE8D8-A59A-4C86-A883-AAD3F52052BE}.Release|x64.ActiveCfg = Release|x64
		{F36DE8D8-A59A-4C86-A883-AAD3F52052BE}.Release|x64.Build.0 = Release|x64
		{F36DE8D8-A59A-4C86-A883-AAD3F52052BE}.Release|x86.ActiveCfg = Release|Win32
		{F36DE8D8-A59A-4C86-A883-AAD3F52052BE}.Release|x86.Build.0 = Release|Win32
		{334CEBB0-4CCB-4161-BD18-1C1C2756EF98}.Debug|Any CPU.ActiveCfg = Debug|Win32
		{334CEBB0-4CCB-4161-BD18-1C1C2756EF98}.Debug|x64.ActiveCfg = Debug|x64
		{334CEBB0-4CCB-4161-BD18-1C1C2756EF98}.Debug|x64.Build.0 = Debug|x64
		{334CEBB0-4CCB-4161-BD18-1C1C2756EF98}.Debug|x86.ActiveCfg = Debug|Win32
		{334CEBB0-4CCB-4161-BD18-1C1C2756EF98}.Debug|x86.Build.0 = Debug|Win32
		{334CEBB0-4CCB-4161-BD18-1C1C2756EF98}.Release|Any CPU.ActiveCfg = Release|Win32
		{334CEBB0-4CCB-4161-BD18-1C1C2756EF98}.Release|x64.ActiveCfg = Release|x64
		{334CEBB0-4CCB-4161-BD18-1C1C2756EF98}.Release|x64.Build.0 = Release|x64
		{334CEBB0-4CCB-4161-BD18-1C1C2756EF98}.Release|x86.ActiveCfg = Release|Win32
		{334CEBB0-4CCB-4161-BD18-1C1C2756EF98}.Release|x86.Build.0 = Release|Win32
		{5E1150D3-D488-4FBF-B586-E7B4AE0A262C}.Debug|Any CPU.ActiveCfg = Debug|Any CPU
		{5E1150D3-D488-4FBF-B586-E7B4AE0A262C}.Debug|Any CPU.Build.0 = Debug|Any CPU
		{5E1150D3-D488-4FBF-B586-E7B4AE0A262C}.Debug|x64.ActiveCfg = Debug|Any CPU
		{5E1150D3-D488-4FBF-B586-E7B4AE0A262C}.Debug|x64.Build.0 = Debug|Any CPU
		{5E1150D3-D488-4FBF-B586-E7B4AE0A262C}.Debug|x86.ActiveCfg = Debug|Any CPU
		{5E1150D3-D488-4FBF-B586-E7B4AE0A262C}.Debug|x86.Build.0 = Debug|Any CPU
		{5E1150D3-D488-4FBF-B586-E7B4AE0A262C}.Release|Any CPU.ActiveCfg = Release|Any CPU
		{5E1150D3-D488-4FBF-B586-E7B4AE0A262C}.Release|Any CPU.Build.0 = Release|Any CPU
		{5E1150D3-D488-4FBF-B586-E7B4AE0A262C}.Release|x64.ActiveCfg = Release|Any CPU
		{5E1150D3-D488-4FBF-B586-E7B4AE0A262C}.Release|x64.Build.0 = Release|Any CPU
		{5E1150D3-D488-4FBF-B586-E7B4AE0A262C}.Release|x86.ActiveCfg = Release|Any CPU
		{5E1150D3-D488-4FBF-B586-E7B4AE0A262C}.Release|x86.Build.0 = Release|Any CPU
		{90CDCCC5-5B12-4486-8650-A988CDF4A4A7}.Debug|Any CPU.ActiveCfg = Debug|Win32
		{90CDCCC5-5B12-4486-8650-A988CDF4A4A7}.Debug|x64.ActiveCfg = Debug|x64
		{90CDCCC5-5B12-4486-8650-A988CDF4A4A7}.Debug|x64.Build.0 = Debug|x64
		{90CDCCC5-5B12-4486-8650-A988CDF4A4A7}.Debug|x86.ActiveCfg = Debug|Win32
		{90CDCCC5-5B12-4486-8650-A988CDF4A4A7}.Debug|x86.Build.0 = Debug|Win32
		{90CDCCC5-5B12-4486-8650-A988CDF4A4A7}.Release|Any CPU.ActiveCfg = Release|Win32
		{90CDCCC5-5B12-4486-8650-A988CDF4A4A7}.Release|x64.ActiveCfg = Release|x64
		{90CDCCC5-5B12-4486-8650-A988CDF4A4A7}.Release|x64.Build.0 = Release|x64
		{90CDCCC5-5B12-4486-8650-A988CDF4A4A7}.Release|x86.ActiveCfg = Release|Win32
		{90CDCCC5-5B12-4486-8650-A988CDF4A4A7}.Release|x86.Build.0 = Release|Win32
		{ADE1BD69-87A1-4CD8-AB43-FFFE5BD95F2E}.Debug|Any CPU.ActiveCfg = Debug|Win32
		{ADE1BD69-87A1-4CD8-AB43-FFFE5BD95F2E}.Debug|x64.ActiveCfg = Debug|x64
		{ADE1BD69-87A1-4CD8-AB43-FFFE5BD95F2E}.Debug|x64.Build.0 = Debug|x64
		{ADE1BD69-87A1-4CD8-AB43-FFFE5BD95F2E}.Debug|x86.ActiveCfg = Debug|Win32
		{ADE1BD69-87A1-4CD8-AB43-FFFE5BD95F2E}.Debug|x86.Build.0 = Debug|Win32
		{ADE1BD69-87A1-4CD8-AB43-FFFE5BD95F2E}.Release|Any CPU.ActiveCfg = Release|Win32
		{ADE1BD69-87A1-4CD8-AB43-FFFE5BD95F2E}.Release|x64.ActiveCfg = Release|x64
		{ADE1BD69-87A1-4CD8-AB43-FFFE5BD95F2E}.Release|x64.Build.0 = Release|x64
		{ADE1BD69-87A1-4CD8-AB43-FFFE5BD95F2E}.Release|x86.ActiveCfg = Release|Win32
		{ADE1BD69-87A1-4CD8-AB43-FFFE5BD95F2E}.Release|x86.Build.0 = Release|Win32
		{4F14C3F6-002D-4E22-A430-220A0612A4C9}.Debug|Any CPU.ActiveCfg = Debug|Any CPU
		{4F14C3F6-002D-4E22-A430-220A0612A4C9}.Debug|Any CPU.Build.0 = Debug|Any CPU
		{4F14C3F6-002D-4E22-A430-220A0612A4C9}.Debug|x64.ActiveCfg = Debug|Any CPU
		{4F14C3F6-002D-4E22-A430-220A0612A4C9}.Debug|x64.Build.0 = Debug|Any CPU
		{4F14C3F6-002D-4E22-A430-220A0612A4C9}.Debug|x86.ActiveCfg = Debug|Any CPU
		{4F14C3F6-002D-4E22-A430-220A0612A4C9}.Debug|x86.Build.0 = Debug|Any CPU
		{4F14C3F6-002D-4E22-A430-220A0612A4C9}.Release|Any CPU.ActiveCfg = Release|Any CPU
		{4F14C3F6-002D-4E22-A430-220A0612A4C9}.Release|Any CPU.Build.0 = Release|Any CPU
		{4F14C3F6-002D-4E22-A430-220A0612A4C9}.Release|x64.ActiveCfg = Release|Any CPU
		{4F14C3F6-002D-4E22-A430-220A0612A4C9}.Release|x64.Build.0 = Release|Any CPU
		{4F14C3F6-002D-4E22-A430-220A0612A4C9}.Release|x86.ActiveCfg = Release|Any CPU
		{4F14C3F6-002D-4E22-A430-220A0612A4C9}.Release|x86.Build.0 = Release|Any CPU
		{AF031B34-A334-49F5-A392-E31BF3E9BB6F}.Debug|Any CPU.ActiveCfg = Debug|Any CPU
		{AF031B34-A334-49F5-A392-E31BF3E9BB6F}.Debug|Any CPU.Build.0 = Debug|Any CPU
		{AF031B34-A334-49F5-A392-E31BF3E9BB6F}.Debug|x64.ActiveCfg = Debug|Any CPU
		{AF031B34-A334-49F5-A392-E31BF3E9BB6F}.Debug|x64.Build.0 = Debug|Any CPU
		{AF031B34-A334-49F5-A392-E31BF3E9BB6F}.Debug|x86.ActiveCfg = Debug|Any CPU
		{AF031B34-A334-49F5-A392-E31BF3E9BB6F}.Debug|x86.Build.0 = Debug|Any CPU
		{AF031B34-A334-49F5-A392-E31BF3E9BB6F}.Release|Any CPU.ActiveCfg = Release|Any CPU
		{AF031B34-A334-49F5-A392-E31BF3E9BB6F}.Release|Any CPU.Build.0 = Release|Any CPU
		{AF031B34-A334-49F5-A392-E31BF3E9BB6F}.Release|x64.ActiveCfg = Release|Any CPU
		{AF031B34-A334-49F5-A392-E31BF3E9BB6F}.Release|x64.Build.0 = Release|Any CPU
		{AF031B34-A334-49F5-A392-E31BF3E9BB6F}.Release|x86.ActiveCfg = Release|Any CPU
		{AF031B34-A334-49F5-A392-E31BF3E9BB6F}.Release|x86.Build.0 = Release|Any CPU
		{F6526551-D242-42F2-B250-7CD2613137AE}.Debug|Any CPU.ActiveCfg = Debug|Win32
		{F6526551-D242-42F2-B250-7CD2613137AE}.Debug|x64.ActiveCfg = Debug|x64
		{F6526551-D242-42F2-B250-7CD2613137AE}.Debug|x64.Build.0 = Debug|x64
		{F6526551-D242-42F2-B250-7CD2613137AE}.Debug|x86.ActiveCfg = Debug|Win32
		{F6526551-D242-42F2-B250-7CD2613137AE}.Debug|x86.Build.0 = Debug|Win32
		{F6526551-D242-42F2-B250-7CD2613137AE}.Release|Any CPU.ActiveCfg = Release|Win32
		{F6526551-D242-42F2-B250-7CD2613137AE}.Release|x64.ActiveCfg = Release|x64
		{F6526551-D242-42F2-B250-7CD2613137AE}.Release|x64.Build.0 = Release|x64
		{F6526551-D242-42F2-B250-7CD2613137AE}.Release|x86.ActiveCfg = Release|Win32
		{F6526551-D242-42F2-B250-7CD2613137AE}.Release|x86.Build.0 = Release|Win32
		{1A7F0EDB-4848-4FC3-BB8D-B812727DFBF1}.Debug|Any CPU.ActiveCfg = Debug|Win32
		{1A7F0EDB-4848-4FC3-BB8D-B812727DFBF1}.Debug|x64.ActiveCfg = Debug|x64
		{1A7F0EDB-4848-4FC3-BB8D-B812727DFBF1}.Debug|x64.Build.0 = Debug|x64
		{1A7F0EDB-4848-4FC3-BB8D-B812727DFBF1}.Debug|x86.ActiveCfg = Debug|Win32
		{1A7F0EDB-4848-4FC3-BB8D-B812727DFBF1}.Debug|x86.Build.0 = Debug|Win32
		{1A7F0EDB-4848-4FC3-BB8D-B812727DFBF1}.Release|Any CPU.ActiveCfg = Release|Win32
		{1A7F0EDB-4848-4FC3-BB8D-B812727DFBF1}.Release|x64.ActiveCfg = Release|x64
		{1A7F0EDB-4848-4FC3-BB8D-B812727DFBF1}.Release|x64.Build.0 = Release|x64
		{1A7F0EDB-4848-4FC3-BB8D-B812727DFBF1}.Release|x86.ActiveCfg = Release|Win32
		{1A7F0EDB-4848-4FC3-BB8D-B812727DFBF1}.Release|x86.Build.0 = Release|Win32
		{9053E895-C280-4F3B-8037-E14DD6D7F095}.Debug|Any CPU.ActiveCfg = Debug|Any CPU
		{9053E895-C280-4F3B-8037-E14DD6D7F095}.Debug|Any CPU.Build.0 = Debug|Any CPU
		{9053E895-C280-4F3B-8037-E14DD6D7F095}.Debug|x64.ActiveCfg = Debug|Any CPU
		{9053E895-C280-4F3B-8037-E14DD6D7F095}.Debug|x64.Build.0 = Debug|Any CPU
		{9053E895-C280-4F3B-8037-E14DD6D7F095}.Debug|x86.ActiveCfg = Debug|Any CPU
		{9053E895-C280-4F3B-8037-E14DD6D7F095}.Debug|x86.Build.0 = Debug|Any CPU
		{9053E895-C280-4F3B-8037-E14DD6D7F095}.Release|Any CPU.ActiveCfg = Release|Any CPU
		{9053E895-C280-4F3B-8037-E14DD6D7F095}.Release|Any CPU.Build.0 = Release|Any CPU
		{9053E895-C280-4F3B-8037-E14DD6D7F095}.Release|x64.ActiveCfg = Release|Any CPU
		{9053E895-C280-4F3B-8037-E14DD6D7F095}.Release|x64.Build.0 = Release|Any CPU
		{9053E895-C280-4F3B-8037-E14DD6D7F095}.Release|x86.ActiveCfg = Release|Any CPU
		{9053E895-C280-4F3B-8037-E14DD6D7F095}.Release|x86.Build.0 = Release|Any CPU
		{317A25BB-6D38-4367-A91D-0D7226050F72}.Debug|Any CPU.ActiveCfg = Debug|Any CPU
		{317A25BB-6D38-4367-A91D-0D7226050F72}.Debug|Any CPU.Build.0 = Debug|Any CPU
		{317A25BB-6D38-4367-A91D-0D7226050F72}.Debug|x64.ActiveCfg = Debug|Any CPU
		{317A25BB-6D38-4367-A91D-0D7226050F72}.Debug|x64.Build.0 = Debug|Any CPU
		{317A25BB-6D38-4367-A91D-0D7226050F72}.Debug|x86.ActiveCfg = Debug|Any CPU
		{317A25BB-6D38-4367-A91D-0D7226050F72}.Debug|x86.Build.0 = Debug|Any CPU
		{317A25BB-6D38-4367-A91D-0D7226050F72}.Release|Any CPU.ActiveCfg = Release|Any CPU
		{317A25BB-6D38-4367-A91D-0D7226050F72}.Release|Any CPU.Build.0 = Release|Any CPU
		{317A25BB-6D38-4367-A91D-0D7226050F72}.Release|x64.ActiveCfg = Release|Any CPU
		{317A25BB-6D38-4367-A91D-0D7226050F72}.Release|x64.Build.0 = Release|Any CPU
		{317A25BB-6D38-4367-A91D-0D7226050F72}.Release|x86.ActiveCfg = Release|Any CPU
		{317A25BB-6D38-4367-A91D-0D7226050F72}.Release|x86.Build.0 = Release|Any CPU
		{2ECCC90C-104A-428D-BC0F-11743CEAF4F2}.Debug|Any CPU.ActiveCfg = Debug|Any CPU
		{2ECCC90C-104A-428D-BC0F-11743CEAF4F2}.Debug|Any CPU.Build.0 = Debug|Any CPU
		{2ECCC90C-104A-428D-BC0F-11743CEAF4F2}.Debug|x64.ActiveCfg = Debug|Any CPU
		{2ECCC90C-104A-428D-BC0F-11743CEAF4F2}.Debug|x64.Build.0 = Debug|Any CPU
		{2ECCC90C-104A-428D-BC0F-11743CEAF4F2}.Debug|x86.ActiveCfg = Debug|Any CPU
		{2ECCC90C-104A-428D-BC0F-11743CEAF4F2}.Debug|x86.Build.0 = Debug|Any CPU
		{2ECCC90C-104A-428D-BC0F-11743CEAF4F2}.Release|Any CPU.ActiveCfg = Release|Any CPU
		{2ECCC90C-104A-428D-BC0F-11743CEAF4F2}.Release|Any CPU.Build.0 = Release|Any CPU
		{2ECCC90C-104A-428D-BC0F-11743CEAF4F2}.Release|x64.ActiveCfg = Release|Any CPU
		{2ECCC90C-104A-428D-BC0F-11743CEAF4F2}.Release|x64.Build.0 = Release|Any CPU
		{2ECCC90C-104A-428D-BC0F-11743CEAF4F2}.Release|x86.ActiveCfg = Release|Any CPU
		{2ECCC90C-104A-428D-BC0F-11743CEAF4F2}.Release|x86.Build.0 = Release|Any CPU
	EndGlobalSection
	GlobalSection(SolutionProperties) = preSolution
		HideSolutionNode = FALSE
	EndGlobalSection
	GlobalSection(NestedProjects) = preSolution
		{54873103-F4B7-4F8C-A4FF-925E2D884DA5} = {D437FA37-E610-4987-8B58-3FFCF54CF1D8}
		{FE771D95-84A1-417A-8B81-00D73037544F} = {D437FA37-E610-4987-8B58-3FFCF54CF1D8}
		{48BAE585-6414-4C0D-8147-8EED20ECCF8A} = {D437FA37-E610-4987-8B58-3FFCF54CF1D8}
		{AD7F7771-70CB-4AA1-8D1D-D82D871542D7} = {D437FA37-E610-4987-8B58-3FFCF54CF1D8}
		{F794739E-706F-4EE9-ABD9-F451D8BC828C} = {D437FA37-E610-4987-8B58-3FFCF54CF1D8}
		{00B3FB29-FA30-4D64-94DB-2B0624DBFF11} = {4F029FD0-5845-48DF-82F9-42DF8B035CB5}
		{952B1533-2D63-44FB-BE77-30F19AB4D535} = {9D9F66CE-3A8B-411F-A8DD-74AE3BB3269E}
		{56D3834E-4AE0-4DE4-A523-334E20C071AC} = {98773F82-95AD-498B-A595-C76A93D6B84F}
		{5BB008C5-CE29-4F66-8B0E-A6299B4D4DF6} = {86D404E7-DB58-4E36-8A2D-F8F30ADF0CBA}
		{9B552AE6-2D00-411E-B0A4-3A3404C20340} = {E719B251-AB46-4AE2-AFFB-B6D9A048F04B}
		{395F1FBE-722A-40D2-80F0-F5BE649E5DDC} = {E719B251-AB46-4AE2-AFFB-B6D9A048F04B}
		{BA135619-7CDE-43A8-9C98-08E3CF44EC48} = {98773F82-95AD-498B-A595-C76A93D6B84F}
		{F36DE8D8-A59A-4C86-A883-AAD3F52052BE} = {9D9F66CE-3A8B-411F-A8DD-74AE3BB3269E}
		{334CEBB0-4CCB-4161-BD18-1C1C2756EF98} = {4F029FD0-5845-48DF-82F9-42DF8B035CB5}
		{5E1150D3-D488-4FBF-B586-E7B4AE0A262C} = {98773F82-95AD-498B-A595-C76A93D6B84F}
		{90CDCCC5-5B12-4486-8650-A988CDF4A4A7} = {98773F82-95AD-498B-A595-C76A93D6B84F}
		{ADE1BD69-87A1-4CD8-AB43-FFFE5BD95F2E} = {C894C8CB-E5DF-4A15-9EC8-355CC2FE91E6}
		{4F14C3F6-002D-4E22-A430-220A0612A4C9} = {C894C8CB-E5DF-4A15-9EC8-355CC2FE91E6}
		{AD4885DD-2795-4340-BB59-357A984B23B8} = {546A633A-1C01-4898-B216-F817A70A1918}
		{FC7DB309-D33E-4FB1-A3B4-DE917DBC62DF} = {546A633A-1C01-4898-B216-F817A70A1918}
		{AF031B34-A334-49F5-A392-E31BF3E9BB6F} = {98773F82-95AD-498B-A595-C76A93D6B84F}
		{F6526551-D242-42F2-B250-7CD2613137AE} = {98773F82-95AD-498B-A595-C76A93D6B84F}
		{1A7F0EDB-4848-4FC3-BB8D-B812727DFBF1} = {5623BEE2-F5BF-4870-BF70-687E0078AC91}
		{9053E895-C280-4F3B-8037-E14DD6D7F095} = {AD4885DD-2795-4340-BB59-357A984B23B8}
		{317A25BB-6D38-4367-A91D-0D7226050F72} = {AD4885DD-2795-4340-BB59-357A984B23B8}
		{2ECCC90C-104A-428D-BC0F-11743CEAF4F2} = {AD4885DD-2795-4340-BB59-357A984B23B8}
	EndGlobalSection
	GlobalSection(ExtensibilityGlobals) = postSolution
		SolutionGuid = {836DAA45-E1E9-43F1-914A-37022F68FC97}
	EndGlobalSection
EndGlobal
