
Microsoft Visual Studio Solution File, Format Version 12.00
# Visual Studio Version 16
VisualStudioVersion = 16.0.29926.136
MinimumVisualStudioVersion = 10.0.40219.1
Project("{FAE04EC0-301F-11D3-BF4B-00C04F79EFBC}") = "Ahao.Algorithm", "Ahao.Algorithm\Ahao.Algorithm.csproj", "{D7BA32B1-19EE-4A8B-BBCF-EAC37F9A74D4}"
EndProject
Project("{FAE04EC0-301F-11D3-BF4B-00C04F79EFBC}") = "Ahao.DataStructure", "Ahao.DataStructure\Ahao.DataStructure.csproj", "{82F83042-5478-4F20-925D-2DF24698AEC3}"
EndProject
Project("{2150E333-8FDC-42A3-9474-1A3956D46DE8}") = "Redis", "Redis", "{D437FA37-E610-4987-8B58-3FFCF54CF1D8}"
EndProject
Project("{FAE04EC0-301F-11D3-BF4B-00C04F79EFBC}") = "Redis-String", "Redis-String\Redis-String.csproj", "{54873103-F4B7-4F8C-A4FF-925E2D884DA5}"
EndProject
Project("{FAE04EC0-301F-11D3-BF4B-00C04F79EFBC}") = "Redis-Hash", "Redis-Hash\Redis-Hash.csproj", "{FE771D95-84A1-417A-8B81-00D73037544F}"
EndProject
Project("{FAE04EC0-301F-11D3-BF4B-00C04F79EFBC}") = "Redis-List", "Redis-List\Redis-List.csproj", "{48BAE585-6414-4C0D-8147-8EED20ECCF8A}"
EndProject
Project("{FAE04EC0-301F-11D3-BF4B-00C04F79EFBC}") = "Redis_SetAndZset", "Redis_SetAndZset\Redis_SetAndZset.csproj", "{AD7F7771-70CB-4AA1-8D1D-D82D871542D7}"
EndProject
Project("{FAE04EC0-301F-11D3-BF4B-00C04F79EFBC}") = "Redis-LockServer", "Redis-LockServer\Redis-LockServer.csproj", "{F794739E-706F-4EE9-ABD9-F451D8BC828C}"
EndProject
Project("{2150E333-8FDC-42A3-9474-1A3956D46DE8}") = "NETFive", "NETFive", "{A95F4497-54BA-4B3D-B6E0-846F5BCAEFCA}"
EndProject
Project("{FAE04EC0-301F-11D3-BF4B-00C04F79EFBC}") = "Ahao.Nowcoder", "Ahao.Nowcoder\Ahao.Nowcoder.csproj", "{00B3FB29-FA30-4D64-94DB-2B0624DBFF11}"
EndProject
Project("{FAE04EC0-301F-11D3-BF4B-00C04F79EFBC}") = "Ahao.Lintcode", "Ahao.Lintcode\Ahao.Lintcode.csproj", "{952B1533-2D63-44FB-BE77-30F19AB4D535}"
EndProject
Global
	GlobalSection(SolutionConfigurationPlatforms) = preSolution
		Debug|Any CPU = Debug|Any CPU
		Debug|x64 = Debug|x64
		Debug|x86 = Debug|x86
		Release|Any CPU = Release|Any CPU
		Release|x64 = Release|x64
		Release|x86 = Release|x86
	EndGlobalSection
	GlobalSection(ProjectConfigurationPlatforms) = postSolution
		{D7BA32B1-19EE-4A8B-BBCF-EAC37F9A74D4}.Debug|Any CPU.ActiveCfg = Debug|Any CPU
		{D7BA32B1-19EE-4A8B-BBCF-EAC37F9A74D4}.Debug|Any CPU.Build.0 = Debug|Any CPU
		{D7BA32B1-19EE-4A8B-BBCF-EAC37F9A74D4}.Debug|x64.ActiveCfg = Debug|Any CPU
		{D7BA32B1-19EE-4A8B-BBCF-EAC37F9A74D4}.Debug|x64.Build.0 = Debug|Any CPU
		{D7BA32B1-19EE-4A8B-BBCF-EAC37F9A74D4}.Debug|x86.ActiveCfg = Debug|Any CPU
		{D7BA32B1-19EE-4A8B-BBCF-EAC37F9A74D4}.Debug|x86.Build.0 = Debug|Any CPU
		{D7BA32B1-19EE-4A8B-BBCF-EAC37F9A74D4}.Release|Any CPU.ActiveCfg = Release|Any CPU
		{D7BA32B1-19EE-4A8B-BBCF-EAC37F9A74D4}.Release|Any CPU.Build.0 = Release|Any CPU
		{D7BA32B1-19EE-4A8B-BBCF-EAC37F9A74D4}.Release|x64.ActiveCfg = Release|Any CPU
		{D7BA32B1-19EE-4A8B-BBCF-EAC37F9A74D4}.Release|x64.Build.0 = Release|Any CPU
		{D7BA32B1-19EE-4A8B-BBCF-EAC37F9A74D4}.Release|x86.ActiveCfg = Release|Any CPU
		{D7BA32B1-19EE-4A8B-BBCF-EAC37F9A74D4}.Release|x86.Build.0 = Release|Any CPU
		{82F83042-5478-4F20-925D-2DF24698AEC3}.Debug|Any CPU.ActiveCfg = Debug|Any CPU
		{82F83042-5478-4F20-925D-2DF24698AEC3}.Debug|Any CPU.Build.0 = Debug|Any CPU
		{82F83042-5478-4F20-925D-2DF24698AEC3}.Debug|x64.ActiveCfg = Debug|Any CPU
		{82F83042-5478-4F20-925D-2DF24698AEC3}.Debug|x64.Build.0 = Debug|Any CPU
		{82F83042-5478-4F20-925D-2DF24698AEC3}.Debug|x86.ActiveCfg = Debug|Any CPU
		{82F83042-5478-4F20-925D-2DF24698AEC3}.Debug|x86.Build.0 = Debug|Any CPU
		{82F83042-5478-4F20-925D-2DF24698AEC3}.Release|Any CPU.ActiveCfg = Release|Any CPU
		{82F83042-5478-4F20-925D-2DF24698AEC3}.Release|Any CPU.Build.0 = Release|Any CPU
		{82F83042-5478-4F20-925D-2DF24698AEC3}.Release|x64.ActiveCfg = Release|Any CPU
		{82F83042-5478-4F20-925D-2DF24698AEC3}.Release|x64.Build.0 = Release|Any CPU
		{82F83042-5478-4F20-925D-2DF24698AEC3}.Release|x86.ActiveCfg = Release|Any CPU
		{82F83042-5478-4F20-925D-2DF24698AEC3}.Release|x86.Build.0 = Release|Any CPU
		{54873103-F4B7-4F8C-A4FF-925E2D884DA5}.Debug|Any CPU.ActiveCfg = Debug|Any CPU
		{54873103-F4B7-4F8C-A4FF-925E2D884DA5}.Debug|Any CPU.Build.0 = Debug|Any CPU
		{54873103-F4B7-4F8C-A4FF-925E2D884DA5}.Debug|x64.ActiveCfg = Debug|Any CPU
		{54873103-F4B7-4F8C-A4FF-925E2D884DA5}.Debug|x64.Build.0 = Debug|Any CPU
		{54873103-F4B7-4F8C-A4FF-925E2D884DA5}.Debug|x86.ActiveCfg = Debug|Any CPU
		{54873103-F4B7-4F8C-A4FF-925E2D884DA5}.Debug|x86.Build.0 = Debug|Any CPU
		{54873103-F4B7-4F8C-A4FF-925E2D884DA5}.Release|Any CPU.ActiveCfg = Release|Any CPU
		{54873103-F4B7-4F8C-A4FF-925E2D884DA5}.Release|Any CPU.Build.0 = Release|Any CPU
		{54873103-F4B7-4F8C-A4FF-925E2D884DA5}.Release|x64.ActiveCfg = Release|Any CPU
		{54873103-F4B7-4F8C-A4FF-925E2D884DA5}.Release|x64.Build.0 = Release|Any CPU
		{54873103-F4B7-4F8C-A4FF-925E2D884DA5}.Release|x86.ActiveCfg = Release|Any CPU
		{54873103-F4B7-4F8C-A4FF-925E2D884DA5}.Release|x86.Build.0 = Release|Any CPU
		{FE771D95-84A1-417A-8B81-00D73037544F}.Debug|Any CPU.ActiveCfg = Debug|Any CPU
		{FE771D95-84A1-417A-8B81-00D73037544F}.Debug|Any CPU.Build.0 = Debug|Any CPU
		{FE771D95-84A1-417A-8B81-00D73037544F}.Debug|x64.ActiveCfg = Debug|Any CPU
		{FE771D95-84A1-417A-8B81-00D73037544F}.Debug|x64.Build.0 = Debug|Any CPU
		{FE771D95-84A1-417A-8B81-00D73037544F}.Debug|x86.ActiveCfg = Debug|Any CPU
		{FE771D95-84A1-417A-8B81-00D73037544F}.Debug|x86.Build.0 = Debug|Any CPU
		{FE771D95-84A1-417A-8B81-00D73037544F}.Release|Any CPU.ActiveCfg = Release|Any CPU
		{FE771D95-84A1-417A-8B81-00D73037544F}.Release|Any CPU.Build.0 = Release|Any CPU
		{FE771D95-84A1-417A-8B81-00D73037544F}.Release|x64.ActiveCfg = Release|Any CPU
		{FE771D95-84A1-417A-8B81-00D73037544F}.Release|x64.Build.0 = Release|Any CPU
		{FE771D95-84A1-417A-8B81-00D73037544F}.Release|x86.ActiveCfg = Release|Any CPU
		{FE771D95-84A1-417A-8B81-00D73037544F}.Release|x86.Build.0 = Release|Any CPU
		{48BAE585-6414-4C0D-8147-8EED20ECCF8A}.Debug|Any CPU.ActiveCfg = Debug|Any CPU
		{48BAE585-6414-4C0D-8147-8EED20ECCF8A}.Debug|Any CPU.Build.0 = Debug|Any CPU
		{48BAE585-6414-4C0D-8147-8EED20ECCF8A}.Debug|x64.ActiveCfg = Debug|Any CPU
		{48BAE585-6414-4C0D-8147-8EED20ECCF8A}.Debug|x64.Build.0 = Debug|Any CPU
		{48BAE585-6414-4C0D-8147-8EED20ECCF8A}.Debug|x86.ActiveCfg = Debug|Any CPU
		{48BAE585-6414-4C0D-8147-8EED20ECCF8A}.Debug|x86.Build.0 = Debug|Any CPU
		{48BAE585-6414-4C0D-8147-8EED20ECCF8A}.Release|Any CPU.ActiveCfg = Release|Any CPU
		{48BAE585-6414-4C0D-8147-8EED20ECCF8A}.Release|Any CPU.Build.0 = Release|Any CPU
		{48BAE585-6414-4C0D-8147-8EED20ECCF8A}.Release|x64.ActiveCfg = Release|Any CPU
		{48BAE585-6414-4C0D-8147-8EED20ECCF8A}.Release|x64.Build.0 = Release|Any CPU
		{48BAE585-6414-4C0D-8147-8EED20ECCF8A}.Release|x86.ActiveCfg = Release|Any CPU
		{48BAE585-6414-4C0D-8147-8EED20ECCF8A}.Release|x86.Build.0 = Release|Any CPU
		{AD7F7771-70CB-4AA1-8D1D-D82D871542D7}.Debug|Any CPU.ActiveCfg = Debug|Any CPU
		{AD7F7771-70CB-4AA1-8D1D-D82D871542D7}.Debug|Any CPU.Build.0 = Debug|Any CPU
		{AD7F7771-70CB-4AA1-8D1D-D82D871542D7}.Debug|x64.ActiveCfg = Debug|Any CPU
		{AD7F7771-70CB-4AA1-8D1D-D82D871542D7}.Debug|x64.Build.0 = Debug|Any CPU
		{AD7F7771-70CB-4AA1-8D1D-D82D871542D7}.Debug|x86.ActiveCfg = Debug|Any CPU
		{AD7F7771-70CB-4AA1-8D1D-D82D871542D7}.Debug|x86.Build.0 = Debug|Any CPU
		{AD7F7771-70CB-4AA1-8D1D-D82D871542D7}.Release|Any CPU.ActiveCfg = Release|Any CPU
		{AD7F7771-70CB-4AA1-8D1D-D82D871542D7}.Release|Any CPU.Build.0 = Release|Any CPU
		{AD7F7771-70CB-4AA1-8D1D-D82D871542D7}.Release|x64.ActiveCfg = Release|Any CPU
		{AD7F7771-70CB-4AA1-8D1D-D82D871542D7}.Release|x64.Build.0 = Release|Any CPU
		{AD7F7771-70CB-4AA1-8D1D-D82D871542D7}.Release|x86.ActiveCfg = Release|Any CPU
		{AD7F7771-70CB-4AA1-8D1D-D82D871542D7}.Release|x86.Build.0 = Release|Any CPU
		{F794739E-706F-4EE9-ABD9-F451D8BC828C}.Debug|Any CPU.ActiveCfg = Debug|Any CPU
		{F794739E-706F-4EE9-ABD9-F451D8BC828C}.Debug|Any CPU.Build.0 = Debug|Any CPU
		{F794739E-706F-4EE9-ABD9-F451D8BC828C}.Debug|x64.ActiveCfg = Debug|Any CPU
		{F794739E-706F-4EE9-ABD9-F451D8BC828C}.Debug|x64.Build.0 = Debug|Any CPU
		{F794739E-706F-4EE9-ABD9-F451D8BC828C}.Debug|x86.ActiveCfg = Debug|Any CPU
		{F794739E-706F-4EE9-ABD9-F451D8BC828C}.Debug|x86.Build.0 = Debug|Any CPU
		{F794739E-706F-4EE9-ABD9-F451D8BC828C}.Release|Any CPU.ActiveCfg = Release|Any CPU
		{F794739E-706F-4EE9-ABD9-F451D8BC828C}.Release|Any CPU.Build.0 = Release|Any CPU
		{F794739E-706F-4EE9-ABD9-F451D8BC828C}.Release|x64.ActiveCfg = Release|Any CPU
		{F794739E-706F-4EE9-ABD9-F451D8BC828C}.Release|x64.Build.0 = Release|Any CPU
		{F794739E-706F-4EE9-ABD9-F451D8BC828C}.Release|x86.ActiveCfg = Release|Any CPU
		{F794739E-706F-4EE9-ABD9-F451D8BC828C}.Release|x86.Build.0 = Release|Any CPU
		{00B3FB29-FA30-4D64-94DB-2B0624DBFF11}.Debug|Any CPU.ActiveCfg = Debug|Any CPU
		{00B3FB29-FA30-4D64-94DB-2B0624DBFF11}.Debug|Any CPU.Build.0 = Debug|Any CPU
		{00B3FB29-FA30-4D64-94DB-2B0624DBFF11}.Debug|x64.ActiveCfg = Debug|Any CPU
		{00B3FB29-FA30-4D64-94DB-2B0624DBFF11}.Debug|x64.Build.0 = Debug|Any CPU
		{00B3FB29-FA30-4D64-94DB-2B0624DBFF11}.Debug|x86.ActiveCfg = Debug|Any CPU
		{00B3FB29-FA30-4D64-94DB-2B0624DBFF11}.Debug|x86.Build.0 = Debug|Any CPU
		{00B3FB29-FA30-4D64-94DB-2B0624DBFF11}.Release|Any CPU.ActiveCfg = Release|Any CPU
		{00B3FB29-FA30-4D64-94DB-2B0624DBFF11}.Release|Any CPU.Build.0 = Release|Any CPU
		{00B3FB29-FA30-4D64-94DB-2B0624DBFF11}.Release|x64.ActiveCfg = Release|Any CPU
		{00B3FB29-FA30-4D64-94DB-2B0624DBFF11}.Release|x64.Build.0 = Release|Any CPU
		{00B3FB29-FA30-4D64-94DB-2B0624DBFF11}.Release|x86.ActiveCfg = Release|Any CPU
		{00B3FB29-FA30-4D64-94DB-2B0624DBFF11}.Release|x86.Build.0 = Release|Any CPU
		{952B1533-2D63-44FB-BE77-30F19AB4D535}.Debug|Any CPU.ActiveCfg = Debug|Any CPU
		{952B1533-2D63-44FB-BE77-30F19AB4D535}.Debug|Any CPU.Build.0 = Debug|Any CPU
		{952B1533-2D63-44FB-BE77-30F19AB4D535}.Debug|x64.ActiveCfg = Debug|Any CPU
		{952B1533-2D63-44FB-BE77-30F19AB4D535}.Debug|x64.Build.0 = Debug|Any CPU
		{952B1533-2D63-44FB-BE77-30F19AB4D535}.Debug|x86.ActiveCfg = Debug|Any CPU
		{952B1533-2D63-44FB-BE77-30F19AB4D535}.Debug|x86.Build.0 = Debug|Any CPU
		{952B1533-2D63-44FB-BE77-30F19AB4D535}.Release|Any CPU.ActiveCfg = Release|Any CPU
		{952B1533-2D63-44FB-BE77-30F19AB4D535}.Release|Any CPU.Build.0 = Release|Any CPU
		{952B1533-2D63-44FB-BE77-30F19AB4D535}.Release|x64.ActiveCfg = Release|Any CPU
		{952B1533-2D63-44FB-BE77-30F19AB4D535}.Release|x64.Build.0 = Release|Any CPU
		{952B1533-2D63-44FB-BE77-30F19AB4D535}.Release|x86.ActiveCfg = Release|Any CPU
		{952B1533-2D63-44FB-BE77-30F19AB4D535}.Release|x86.Build.0 = Release|Any CPU
	EndGlobalSection
	GlobalSection(SolutionProperties) = preSolution
		HideSolutionNode = FALSE
	EndGlobalSection
	GlobalSection(NestedProjects) = preSolution
		{54873103-F4B7-4F8C-A4FF-925E2D884DA5} = {D437FA37-E610-4987-8B58-3FFCF54CF1D8}
		{FE771D95-84A1-417A-8B81-00D73037544F} = {D437FA37-E610-4987-8B58-3FFCF54CF1D8}
		{48BAE585-6414-4C0D-8147-8EED20ECCF8A} = {D437FA37-E610-4987-8B58-3FFCF54CF1D8}
		{AD7F7771-70CB-4AA1-8D1D-D82D871542D7} = {D437FA37-E610-4987-8B58-3FFCF54CF1D8}
		{F794739E-706F-4EE9-ABD9-F451D8BC828C} = {D437FA37-E610-4987-8B58-3FFCF54CF1D8}
	EndGlobalSection
	GlobalSection(ExtensibilityGlobals) = postSolution
		SolutionGuid = {836DAA45-E1E9-43F1-914A-37022F68FC97}
	EndGlobalSection
EndGlobal
