<?xml version="1.0" encoding="utf-8"?>
<Project ToolsVersion="4.0" xmlns="http://schemas.microsoft.com/developer/msbuild/2003">
  <ItemGroup>
    <Filter Include="源文件">
      <UniqueIdentifier>{4FC737F1-C7A5-4376-A066-2A32D752A2FF}</UniqueIdentifier>
      <Extensions>cpp;c;cc;cxx;c++;cppm;ixx;def;odl;idl;hpj;bat;asm;asmx</Extensions>
    </Filter>
    <Filter Include="头文件">
      <UniqueIdentifier>{93995380-89BD-4b04-88EB-625FBE52EBFB}</UniqueIdentifier>
      <Extensions>h;hh;hpp;hxx;h++;hm;inl;inc;ipp;xsd</Extensions>
    </Filter>
    <Filter Include="资源文件">
      <UniqueIdentifier>{67DA6AB6-F800-4c08-8B7A-83BB121AAD01}</UniqueIdentifier>
      <Extensions>rc;ico;cur;bmp;dlg;rc2;rct;bin;rgs;gif;jpg;jpeg;jpe;resx;tiff;tif;png;wav;mfcribbon-ms</Extensions>
    </Filter>
    <Filter Include="源文件\Chapter02">
      <UniqueIdentifier>{9235da88-7957-4b97-9898-992b35616d9b}</UniqueIdentifier>
    </Filter>
    <Filter Include="源文件\Chapter01-分治算法">
      <UniqueIdentifier>{10b6764b-818f-4d94-a79e-6a4ae98380cc}</UniqueIdentifier>
    </Filter>
    <Filter Include="源文件\Chapter01-分治算法\01-折半查找法">
      <UniqueIdentifier>{15b6af98-f2f8-4df4-9f5d-0be375fbe245}</UniqueIdentifier>
    </Filter>
    <Filter Include="源文件\Chapter01-分治算法\02-魔法石的诱惑">
      <UniqueIdentifier>{8640dbf9-5f5d-4c10-a665-681b245c7906}</UniqueIdentifier>
    </Filter>
    <Filter Include="源文件\Chapter01-分治算法\03-逃亡">
      <UniqueIdentifier>{73fba657-87c9-4368-84c7-48040f47189d}</UniqueIdentifier>
    </Filter>
    <Filter Include="源文件\Chapter01-分治算法\04-快速幂运算">
      <UniqueIdentifier>{54c448f2-c543-4137-a346-78028ea0ce61}</UniqueIdentifier>
    </Filter>
    <Filter Include="源文件\Chapter01-分治算法\05-循环比赛">
      <UniqueIdentifier>{dc1e4cb9-2e43-4cd9-ba45-efa728e2cb3d}</UniqueIdentifier>
    </Filter>
    <Filter Include="源文件\Chapter01-分治算法\06-解一元三次方程">
      <UniqueIdentifier>{ad474663-aa7c-4622-b2ac-d8b6e0665260}</UniqueIdentifier>
    </Filter>
  </ItemGroup>
  <ItemGroup>
    <ClCompile Include="Ahao.AlgorithmCompetition.cpp">
      <Filter>源文件</Filter>
    </ClCompile>
    <ClCompile Include="halfcpp.cpp">
      <Filter>源文件\Chapter01-分治算法\01-折半查找法</Filter>
    </ClCompile>
    <ClCompile Include="half2.cpp">
      <Filter>源文件\Chapter01-分治算法\01-折半查找法</Filter>
    </ClCompile>
    <ClCompile Include="rob.cpp">
      <Filter>源文件\Chapter01-分治算法\02-魔法石的诱惑</Filter>
    </ClCompile>
    <ClCompile Include="escape.cpp">
      <Filter>源文件\Chapter01-分治算法\03-逃亡</Filter>
    </ClCompile>
    <ClCompile Include="power.cpp">
      <Filter>源文件\Chapter01-分治算法\04-快速幂运算</Filter>
    </ClCompile>
    <ClCompile Include="competition.cpp">
      <Filter>源文件\Chapter01-分治算法\05-循环比赛</Filter>
    </ClCompile>
    <ClCompile Include="equation.cpp">
      <Filter>源文件\Chapter01-分治算法\06-解一元三次方程</Filter>
    </ClCompile>
  </ItemGroup>
</Project>