<?xml version="1.0" encoding="utf-8"?>
<Project ToolsVersion="4.0" xmlns="http://schemas.microsoft.com/developer/msbuild/2003">
  <ItemGroup>
    <Filter Include="源文件">
      <UniqueIdentifier>{4FC737F1-C7A5-4376-A066-2A32D752A2FF}</UniqueIdentifier>
      <Extensions>cpp;c;cc;cxx;c++;cppm;ixx;def;odl;idl;hpj;bat;asm;asmx</Extensions>
    </Filter>
    <Filter Include="头文件">
      <UniqueIdentifier>{93995380-89BD-4b04-88EB-625FBE52EBFB}</UniqueIdentifier>
      <Extensions>h;hh;hpp;hxx;h++;hm;inl;inc;ipp;xsd</Extensions>
    </Filter>
    <Filter Include="资源文件">
      <UniqueIdentifier>{67DA6AB6-F800-4c08-8B7A-83BB121AAD01}</UniqueIdentifier>
      <Extensions>rc;ico;cur;bmp;dlg;rc2;rct;bin;rgs;gif;jpg;jpeg;jpe;resx;tiff;tif;png;wav;mfcribbon-ms</Extensions>
    </Filter>
    <Filter Include="源文件\剑指Offer%28专项突击版">
      <UniqueIdentifier>{a6009a45-8b86-4dd7-9f3f-bb8c63aa065c}</UniqueIdentifier>
    </Filter>
    <Filter Include="源文件\剑指Offer%28第2版%29">
      <UniqueIdentifier>{5100332d-9232-44cb-ae93-dbb957e74b3c}</UniqueIdentifier>
    </Filter>
  </ItemGroup>
  <ItemGroup>
    <ClCompile Include="Ahao.OfferCPP.cpp">
      <Filter>源文件</Filter>
    </ClCompile>
    <ClCompile Include="offer 79 判断是不是平衡二叉树.cpp">
      <Filter>源文件\剑指Offer%28第2版%29</Filter>
    </ClCompile>
    <ClCompile Include="offer 78 把二叉树打印成多行.cpp">
      <Filter>源文件\剑指Offer%28第2版%29</Filter>
    </ClCompile>
    <ClCompile Include="offer 77 之字形打印二叉树.cpp">
      <Filter>源文件\剑指Offer%28第2版%29</Filter>
    </ClCompile>
    <ClCompile Include="offer 75 字符流中第一个不重复的字符.cpp">
      <Filter>源文件\剑指Offer%28第2版%29</Filter>
    </ClCompile>
    <ClCompile Include="offer 57 - II. 和为s的连续正数序列.cpp">
      <Filter>源文件\剑指Offer%28第2版%29</Filter>
    </ClCompile>
    <ClCompile Include="offer 57 和为S的两个数字.cpp">
      <Filter>源文件\剑指Offer%28第2版%29</Filter>
    </ClCompile>
    <ClCompile Include="offer 56 数组中只出现一次的两个数字.cpp">
      <Filter>源文件\剑指Offer%28第2版%29</Filter>
    </ClCompile>
    <ClCompile Include="offer 55 二叉树的深度.cpp">
      <Filter>源文件\剑指Offer%28第2版%29</Filter>
    </ClCompile>
    <ClCompile Include="offer 54 二叉搜索树的第k个节点.cpp">
      <Filter>源文件\剑指Offer%28第2版%29</Filter>
    </ClCompile>
    <ClCompile Include="offer 53 - II. 0～n-1中缺失的数字.cpp">
      <Filter>源文件\剑指Offer%28第2版%29</Filter>
    </ClCompile>
    <ClCompile Include="offer 53 数字在升序数组中出现的次数.cpp">
      <Filter>源文件\剑指Offer%28第2版%29</Filter>
    </ClCompile>
    <ClCompile Include="offer 52 两个链表的第一个公共结点.cpp">
      <Filter>源文件\剑指Offer%28第2版%29</Filter>
    </ClCompile>
    <ClCompile Include="offer 51 数组中的逆序对.cpp">
      <Filter>源文件\剑指Offer%28第2版%29</Filter>
    </ClCompile>
    <ClCompile Include="offer 50 第一个只出现一次的字符.cpp">
      <Filter>源文件\剑指Offer%28第2版%29</Filter>
    </ClCompile>
    <ClCompile Include="offer 49 丑数.cpp">
      <Filter>源文件\剑指Offer%28第2版%29</Filter>
    </ClCompile>
    <ClCompile Include="offer 48 最长不含重复字符的子字符串.cpp">
      <Filter>源文件\剑指Offer%28第2版%29</Filter>
    </ClCompile>
    <ClCompile Include="offer 47 礼物的最大价值.cpp">
      <Filter>源文件\剑指Offer%28第2版%29</Filter>
    </ClCompile>
    <ClCompile Include="offer 46 把数字翻译成字符串.cpp">
      <Filter>源文件\剑指Offer%28第2版%29</Filter>
    </ClCompile>
    <ClCompile Include="offer 45 把数组排成最小的数.cpp">
      <Filter>源文件\剑指Offer%28第2版%29</Filter>
    </ClCompile>
  </ItemGroup>
</Project>