<?xml version="1.0" encoding="utf-8"?>
<Project ToolsVersion="4.0" xmlns="http://schemas.microsoft.com/developer/msbuild/2003">
  <ItemGroup>
    <Filter Include="源文件">
      <UniqueIdentifier>{4FC737F1-C7A5-4376-A066-2A32D752A2FF}</UniqueIdentifier>
      <Extensions>cpp;c;cc;cxx;c++;cppm;ixx;def;odl;idl;hpj;bat;asm;asmx</Extensions>
    </Filter>
    <Filter Include="头文件">
      <UniqueIdentifier>{93995380-89BD-4b04-88EB-625FBE52EBFB}</UniqueIdentifier>
      <Extensions>h;hh;hpp;hxx;h++;hm;inl;inc;ipp;xsd</Extensions>
    </Filter>
    <Filter Include="资源文件">
      <UniqueIdentifier>{67DA6AB6-F800-4c08-8B7A-83BB121AAD01}</UniqueIdentifier>
      <Extensions>rc;ico;cur;bmp;dlg;rc2;rct;bin;rgs;gif;jpg;jpeg;jpe;resx;tiff;tif;png;wav;mfcribbon-ms</Extensions>
    </Filter>
    <Filter Include="源文件\0001-0099">
      <UniqueIdentifier>{3ed023ca-2cdc-4b2a-9b2f-99430ea75ad6}</UniqueIdentifier>
    </Filter>
    <Filter Include="源文件\0100-0199">
      <UniqueIdentifier>{b8772059-b499-4c85-be87-12d058890245}</UniqueIdentifier>
    </Filter>
    <Filter Include="源文件\0600-0699">
      <UniqueIdentifier>{562c2a46-859d-4f76-ab76-754caff151ff}</UniqueIdentifier>
    </Filter>
    <Filter Include="源文件\2000-2099">
      <UniqueIdentifier>{258bb381-fc35-4048-9c64-0ed675e958a1}</UniqueIdentifier>
    </Filter>
    <Filter Include="源文件\0400-0499">
      <UniqueIdentifier>{41099a46-6288-4275-831a-2671b069ef26}</UniqueIdentifier>
    </Filter>
    <Filter Include="源文件\0200-0299">
      <UniqueIdentifier>{acd97abf-045f-482d-ab7b-91a58dfb1d92}</UniqueIdentifier>
    </Filter>
    <Filter Include="源文件\0300-0399">
      <UniqueIdentifier>{485deaa2-c116-430b-abe9-755c2b533150}</UniqueIdentifier>
    </Filter>
    <Filter Include="源文件\0500-0599">
      <UniqueIdentifier>{43f1890f-cf35-4bd8-a410-fbdca83ca610}</UniqueIdentifier>
    </Filter>
    <Filter Include="源文件\0700-0799">
      <UniqueIdentifier>{732eb7af-af48-4fd4-9e89-2ba2cf8cb04e}</UniqueIdentifier>
    </Filter>
    <Filter Include="源文件\1600-1699">
      <UniqueIdentifier>{d63aa47e-960f-4cf3-9a8b-50a1788ea37c}</UniqueIdentifier>
    </Filter>
    <Filter Include="源文件\0900-0999">
      <UniqueIdentifier>{2e9bcac0-39ea-4f4f-b93d-be957a029e16}</UniqueIdentifier>
    </Filter>
    <Filter Include="源文件\0800-0899">
      <UniqueIdentifier>{643403bb-ae26-477d-9067-3df6ef8801ca}</UniqueIdentifier>
    </Filter>
  </ItemGroup>
  <ItemGroup>
    <ClCompile Include="Ahao.LeetCodeCPP.cpp">
      <Filter>源文件</Filter>
    </ClCompile>
    <ClCompile Include="1. 两数之和.cpp">
      <Filter>源文件\0001-0099</Filter>
    </ClCompile>
    <ClCompile Include="606. 根据二叉树创建字符串.cpp">
      <Filter>源文件\0600-0699</Filter>
    </ClCompile>
    <ClCompile Include="2039. 网络空闲的时刻.cpp">
      <Filter>源文件\2000-2099</Filter>
    </ClCompile>
    <ClCompile Include="724. 寻找数组的中心下标.cpp">
      <Filter>源文件\0700-0799</Filter>
    </ClCompile>
    <ClCompile Include="653. 两数之和 IV - 输入 BST.cpp">
      <Filter>源文件\0600-0699</Filter>
    </ClCompile>
    <ClCompile Include="2038. 如果相邻两个颜色均相同则删除当前颜色.cpp">
      <Filter>源文件\2000-2099</Filter>
    </ClCompile>
    <ClCompile Include="440. 字典序的第K小数字.cpp">
      <Filter>源文件\0400-0499</Filter>
    </ClCompile>
    <ClCompile Include="661. 图片平滑器.cpp">
      <Filter>源文件\0600-0699</Filter>
    </ClCompile>
    <ClCompile Include="172. 阶乘后的零.cpp">
      <Filter>源文件\0100-0199</Filter>
    </ClCompile>
    <ClCompile Include="682. 棒球比赛.cpp">
      <Filter>源文件\0600-0699</Filter>
    </ClCompile>
    <ClCompile Include="2028. 找出缺失的观测数据.cpp">
      <Filter>源文件\2000-2099</Filter>
    </ClCompile>
    <ClCompile Include="693. 交替位二进制数.cpp">
      <Filter>源文件\0600-0699</Filter>
    </ClCompile>
    <ClCompile Include="728. 自除数.cpp">
      <Filter>源文件\0700-0799</Filter>
    </ClCompile>
    <ClCompile Include="954. 二倍数对数组.cpp">
      <Filter>源文件\0900-0999</Filter>
    </ClCompile>
    <ClCompile Include="420. 强密码检验器.cpp">
      <Filter>源文件\0400-0499</Filter>
    </ClCompile>
    <ClCompile Include="1616. 分割两个字符串得到回文串.cpp">
      <Filter>源文件\1600-1699</Filter>
    </ClCompile>
    <ClCompile Include="1622. 奇妙序列.cpp">
      <Filter>源文件\1600-1699</Filter>
    </ClCompile>
    <ClCompile Include="744. 寻找比目标字母大的最小字母.cpp">
      <Filter>源文件\0700-0799</Filter>
    </ClCompile>
    <ClCompile Include="307. 区域和检索 - 数组可修改.cpp">
      <Filter>源文件\0300-0399</Filter>
    </ClCompile>
    <ClCompile Include="762. 二进制表示中质数个计算置位.cpp">
      <Filter>源文件\0700-0799</Filter>
    </ClCompile>
    <ClCompile Include="310. 最小高度树.cpp">
      <Filter>源文件\0300-0399</Filter>
    </ClCompile>
    <ClCompile Include="796. 旋转字符串.cpp">
      <Filter>源文件\0700-0799</Filter>
    </ClCompile>
    <ClCompile Include="429. N 叉树的层序遍历.cpp">
      <Filter>源文件\0400-0499</Filter>
    </ClCompile>
    <ClCompile Include="780. 到达终点.cpp">
      <Filter>源文件\0700-0799</Filter>
    </ClCompile>
    <ClCompile Include="804. 唯一摩尔斯密码词.cpp">
      <Filter>源文件\0800-0899</Filter>
    </ClCompile>
    <ClCompile Include="357. 统计各位数字都不同的数字个数.cpp">
      <Filter>源文件\0300-0399</Filter>
    </ClCompile>
    <ClCompile Include="806. 写字符串需要的行数.cpp">
      <Filter>源文件\0800-0899</Filter>
    </ClCompile>
    <ClCompile Include="2.两数相加.cpp">
      <Filter>源文件\0001-0099</Filter>
    </ClCompile>
    <ClCompile Include="3. 无重复字符的最长子串.cpp">
      <Filter>源文件\0001-0099</Filter>
    </ClCompile>
    <ClCompile Include="4. 寻找两个正序数组的中位数.cpp">
      <Filter>源文件\0001-0099</Filter>
    </ClCompile>
  </ItemGroup>
</Project>