<?xml version="1.0" encoding="utf-8"?>
<Project ToolsVersion="4.0" xmlns="http://schemas.microsoft.com/developer/msbuild/2003">
  <ItemGroup>
    <Filter Include="源文件">
      <UniqueIdentifier>{4FC737F1-C7A5-4376-A066-2A32D752A2FF}</UniqueIdentifier>
      <Extensions>cpp;c;cc;cxx;c++;cppm;ixx;def;odl;idl;hpj;bat;asm;asmx</Extensions>
    </Filter>
    <Filter Include="头文件">
      <UniqueIdentifier>{93995380-89BD-4b04-88EB-625FBE52EBFB}</UniqueIdentifier>
      <Extensions>h;hh;hpp;hxx;h++;hm;inl;inc;ipp;xsd</Extensions>
    </Filter>
    <Filter Include="资源文件">
      <UniqueIdentifier>{67DA6AB6-F800-4c08-8B7A-83BB121AAD01}</UniqueIdentifier>
      <Extensions>rc;ico;cur;bmp;dlg;rc2;rct;bin;rgs;gif;jpg;jpeg;jpe;resx;tiff;tif;png;wav;mfcribbon-ms</Extensions>
    </Filter>
    <Filter Include="源文件\0001-0099">
      <UniqueIdentifier>{3ed023ca-2cdc-4b2a-9b2f-99430ea75ad6}</UniqueIdentifier>
    </Filter>
    <Filter Include="源文件\0100-0199">
      <UniqueIdentifier>{b8772059-b499-4c85-be87-12d058890245}</UniqueIdentifier>
    </Filter>
    <Filter Include="源文件\0600-0699">
      <UniqueIdentifier>{562c2a46-859d-4f76-ab76-754caff151ff}</UniqueIdentifier>
    </Filter>
    <Filter Include="源文件\2000-2099">
      <UniqueIdentifier>{258bb381-fc35-4048-9c64-0ed675e958a1}</UniqueIdentifier>
    </Filter>
    <Filter Include="源文件\0400-0499">
      <UniqueIdentifier>{41099a46-6288-4275-831a-2671b069ef26}</UniqueIdentifier>
    </Filter>
    <Filter Include="源文件\0200-0299">
      <UniqueIdentifier>{acd97abf-045f-482d-ab7b-91a58dfb1d92}</UniqueIdentifier>
    </Filter>
    <Filter Include="源文件\0300-0399">
      <UniqueIdentifier>{485deaa2-c116-430b-abe9-755c2b533150}</UniqueIdentifier>
    </Filter>
    <Filter Include="源文件\0500-0599">
      <UniqueIdentifier>{43f1890f-cf35-4bd8-a410-fbdca83ca610}</UniqueIdentifier>
    </Filter>
    <Filter Include="源文件\0700-0799">
      <UniqueIdentifier>{732eb7af-af48-4fd4-9e89-2ba2cf8cb04e}</UniqueIdentifier>
    </Filter>
    <Filter Include="源文件\1600-1699">
      <UniqueIdentifier>{d63aa47e-960f-4cf3-9a8b-50a1788ea37c}</UniqueIdentifier>
    </Filter>
    <Filter Include="源文件\0900-0999">
      <UniqueIdentifier>{2e9bcac0-39ea-4f4f-b93d-be957a029e16}</UniqueIdentifier>
    </Filter>
    <Filter Include="源文件\0800-0899">
      <UniqueIdentifier>{643403bb-ae26-477d-9067-3df6ef8801ca}</UniqueIdentifier>
    </Filter>
    <Filter Include="源文件\0001-0099\demo20">
      <UniqueIdentifier>{de58a786-ac45-48c2-b555-8a9bbab2c8d8}</UniqueIdentifier>
    </Filter>
    <Filter Include="源文件\0001-0099\demo01">
      <UniqueIdentifier>{1b034996-139b-47a1-8aec-9dd9f23b5fa2}</UniqueIdentifier>
    </Filter>
    <Filter Include="源文件\0001-0099\demo02">
      <UniqueIdentifier>{844c455d-fb28-4dd6-b1bc-ef10fd0e1668}</UniqueIdentifier>
    </Filter>
    <Filter Include="源文件\0001-0099\demo03">
      <UniqueIdentifier>{2b0a6941-b973-4d63-80bb-6220aed3f1fa}</UniqueIdentifier>
    </Filter>
    <Filter Include="源文件\0001-0099\demo04">
      <UniqueIdentifier>{1c1151cd-5511-4f48-a83e-4ca3acc74831}</UniqueIdentifier>
    </Filter>
    <Filter Include="源文件\0001-0099\demo05">
      <UniqueIdentifier>{976bbf84-54a2-4b9b-87b5-8ecef14b34c4}</UniqueIdentifier>
    </Filter>
    <Filter Include="源文件\0001-0099\demo07">
      <UniqueIdentifier>{4335ece6-9f01-421c-b17d-12b91c44a728}</UniqueIdentifier>
    </Filter>
    <Filter Include="源文件\0001-0099\demo08">
      <UniqueIdentifier>{6244e728-a14a-41ac-b951-968d09fbf43c}</UniqueIdentifier>
    </Filter>
    <Filter Include="源文件\0001-0099\demo09">
      <UniqueIdentifier>{6a6d9424-4883-411e-932e-cfbc5233badf}</UniqueIdentifier>
    </Filter>
    <Filter Include="源文件\0001-0099\demo10">
      <UniqueIdentifier>{21e9a429-cbbf-45ee-ac20-5a3fa3aed6eb}</UniqueIdentifier>
    </Filter>
    <Filter Include="源文件\0001-0099\demo11">
      <UniqueIdentifier>{b28c40b3-f17e-4a34-8e45-89afa0d9c7a8}</UniqueIdentifier>
    </Filter>
    <Filter Include="源文件\0001-0099\demo12">
      <UniqueIdentifier>{595c3a98-45a1-4513-b526-d3cfabf2f7b3}</UniqueIdentifier>
    </Filter>
    <Filter Include="源文件\0001-0099\demo13">
      <UniqueIdentifier>{77da71d1-5d4a-4465-9441-7611bb8e4aec}</UniqueIdentifier>
    </Filter>
    <Filter Include="源文件\0001-0099\demo14">
      <UniqueIdentifier>{08ceb439-ca50-468f-95b1-2038996e3100}</UniqueIdentifier>
    </Filter>
    <Filter Include="源文件\0001-0099\demo15">
      <UniqueIdentifier>{55fb3211-3c26-4995-a188-e9cf39589e0c}</UniqueIdentifier>
    </Filter>
    <Filter Include="源文件\0001-0099\demo16">
      <UniqueIdentifier>{8fca9f66-f562-4331-a02b-f9a85510280e}</UniqueIdentifier>
    </Filter>
    <Filter Include="源文件\0001-0099\demo17">
      <UniqueIdentifier>{697f380c-c6f2-4a65-807a-341513b0da26}</UniqueIdentifier>
    </Filter>
    <Filter Include="源文件\0001-0099\demo18">
      <UniqueIdentifier>{522f41f9-7664-4135-b730-d33c6bafe304}</UniqueIdentifier>
    </Filter>
    <Filter Include="源文件\0001-0099\demo19">
      <UniqueIdentifier>{da04b701-5fac-4f97-946d-dbb02ec4b28d}</UniqueIdentifier>
    </Filter>
    <Filter Include="源文件\0100-0199\demo172">
      <UniqueIdentifier>{0abd9148-9854-46cd-a659-84b56a12b319}</UniqueIdentifier>
    </Filter>
    <Filter Include="源文件\2000-2099\demo2028">
      <UniqueIdentifier>{176802b2-7275-47a6-ac88-ec44df21ad93}</UniqueIdentifier>
    </Filter>
    <Filter Include="源文件\2000-2099\demo2038">
      <UniqueIdentifier>{12c8e23a-e84b-4295-827b-0615f872163a}</UniqueIdentifier>
    </Filter>
    <Filter Include="源文件\2000-2099\demo2039">
      <UniqueIdentifier>{ecdfedc2-976a-47a7-9fbf-06c3de05897e}</UniqueIdentifier>
    </Filter>
    <Filter Include="源文件\1600-1699\demo1616">
      <UniqueIdentifier>{7c5845e7-46f6-4a4a-965f-c476470475e9}</UniqueIdentifier>
    </Filter>
    <Filter Include="源文件\1600-1699\demo1622">
      <UniqueIdentifier>{7cc093d8-8535-4190-bbe7-0b68dea62afb}</UniqueIdentifier>
    </Filter>
    <Filter Include="源文件\1600-1699\demo1672">
      <UniqueIdentifier>{ec60bb27-63da-4d3d-b47a-47e9c48e78e1}</UniqueIdentifier>
    </Filter>
    <Filter Include="源文件\0900-0999\demo954">
      <UniqueIdentifier>{05bad4cf-97ca-4b4f-8bbb-ee476a7854ab}</UniqueIdentifier>
    </Filter>
    <Filter Include="源文件\0800-0899\demo804">
      <UniqueIdentifier>{a23a1222-3b55-49e7-9f9e-acdbcbc04bfa}</UniqueIdentifier>
    </Filter>
    <Filter Include="源文件\0800-0899\demo806">
      <UniqueIdentifier>{d6ad2207-6087-40f2-aa0a-0855baac7068}</UniqueIdentifier>
    </Filter>
    <Filter Include="源文件\0700-0799\demo724">
      <UniqueIdentifier>{a3104b60-750e-419e-be46-950753f8fb40}</UniqueIdentifier>
    </Filter>
    <Filter Include="源文件\0700-0799\demo728">
      <UniqueIdentifier>{67b9c01f-a006-4189-a4c6-25e97f84c984}</UniqueIdentifier>
    </Filter>
    <Filter Include="源文件\0700-0799\demo744">
      <UniqueIdentifier>{b4e62d69-0ab3-42af-8b7d-968f9a00bebf}</UniqueIdentifier>
    </Filter>
    <Filter Include="源文件\0700-0799\demo762">
      <UniqueIdentifier>{74427c62-a3c1-4fe0-95a2-27cead0cfd65}</UniqueIdentifier>
    </Filter>
    <Filter Include="源文件\0700-0799\demo780">
      <UniqueIdentifier>{a260fdfb-4c5d-4d31-8269-3a502d4ccbe3}</UniqueIdentifier>
    </Filter>
    <Filter Include="源文件\0700-0799\demo796">
      <UniqueIdentifier>{ca9837ec-3b30-40f8-89ae-003100eae454}</UniqueIdentifier>
    </Filter>
    <Filter Include="源文件\0600-0699\demo606">
      <UniqueIdentifier>{535381a9-fc30-4df0-a17e-058ecf45896a}</UniqueIdentifier>
    </Filter>
    <Filter Include="源文件\0600-0699\demo653">
      <UniqueIdentifier>{776a4dd4-b539-4791-986b-5f24d5a5bc1b}</UniqueIdentifier>
    </Filter>
    <Filter Include="源文件\0600-0699\demo661">
      <UniqueIdentifier>{0f8ac805-31d2-4785-931d-f8e3cbd93f4f}</UniqueIdentifier>
    </Filter>
    <Filter Include="源文件\0600-0699\demo682">
      <UniqueIdentifier>{aff2acdb-dbe0-4cc9-ac0c-6f010b8e6454}</UniqueIdentifier>
    </Filter>
    <Filter Include="源文件\0600-0699\demo693">
      <UniqueIdentifier>{1fe4a6d3-f3b0-4898-84f0-f80d43c80a41}</UniqueIdentifier>
    </Filter>
    <Filter Include="源文件\0300-0399\demo307">
      <UniqueIdentifier>{87737d93-2482-4414-af5f-4e48f68edba4}</UniqueIdentifier>
    </Filter>
    <Filter Include="源文件\0300-0399\demo310">
      <UniqueIdentifier>{022dc659-e4ac-40c8-9467-f3dc70ff9998}</UniqueIdentifier>
    </Filter>
    <Filter Include="源文件\0300-0399\demo357">
      <UniqueIdentifier>{63af9fba-ae80-4517-92a8-b262703cc94b}</UniqueIdentifier>
    </Filter>
    <Filter Include="源文件\0300-0399\demo380">
      <UniqueIdentifier>{0a8b6b8b-9348-42ca-a47a-4202207b2d7d}</UniqueIdentifier>
    </Filter>
    <Filter Include="源文件\0300-0399\demo385">
      <UniqueIdentifier>{5dcc866c-4800-4f4f-861d-e1ac9bbe8a15}</UniqueIdentifier>
    </Filter>
    <Filter Include="源文件\0001-0099\demo21">
      <UniqueIdentifier>{eb32a49f-7f77-4496-9e5d-3fa0127751f2}</UniqueIdentifier>
    </Filter>
    <Filter Include="源文件\0001-0099\demo22">
      <UniqueIdentifier>{417c31bf-eaf9-49db-a220-b96d983b46df}</UniqueIdentifier>
    </Filter>
    <Filter Include="源文件\0001-0099\demo23">
      <UniqueIdentifier>{eb26c609-7ba4-4cca-b14e-17390f98a085}</UniqueIdentifier>
    </Filter>
    <Filter Include="源文件\0001-0099\demo24">
      <UniqueIdentifier>{a5425877-1374-4603-b39f-f2b7fd5a036e}</UniqueIdentifier>
    </Filter>
    <Filter Include="源文件\0001-0099\demo25">
      <UniqueIdentifier>{f00ee42d-83df-48fe-ade5-3fdf7129d0ce}</UniqueIdentifier>
    </Filter>
    <Filter Include="源文件\0001-0099\demo26">
      <UniqueIdentifier>{478a1f26-b7a4-46ab-b2eb-7379c7ef031e}</UniqueIdentifier>
    </Filter>
    <Filter Include="源文件\0001-0099\demo27">
      <UniqueIdentifier>{b64ae0c1-fbf2-463c-b2bd-1a5ed3f6e2cd}</UniqueIdentifier>
    </Filter>
    <Filter Include="源文件\0001-0099\demo28">
      <UniqueIdentifier>{711a01dc-957d-4361-ba42-4c20635c42f1}</UniqueIdentifier>
    </Filter>
    <Filter Include="源文件\0001-0099\demo29">
      <UniqueIdentifier>{df395d06-18b3-41cb-869b-e343feaa38fe}</UniqueIdentifier>
    </Filter>
    <Filter Include="源文件\0001-0099\demo30">
      <UniqueIdentifier>{3f1060bd-0e36-4d29-9341-866ada1c8162}</UniqueIdentifier>
    </Filter>
    <Filter Include="源文件\0400-0499\demo479">
      <UniqueIdentifier>{8594be0d-4420-4afb-b0da-aa4c627383d0}</UniqueIdentifier>
    </Filter>
    <Filter Include="源文件\0800-0899\demo819">
      <UniqueIdentifier>{a5f543b2-64ca-4b6a-8418-5afdc4563de8}</UniqueIdentifier>
    </Filter>
    <Filter Include="源文件\0001-0099\demo31">
      <UniqueIdentifier>{443cb1a0-cb29-4581-a8c6-2cff4279c0f2}</UniqueIdentifier>
    </Filter>
    <Filter Include="源文件\0300-0399\demo386">
      <UniqueIdentifier>{681a05fa-acd7-48ae-9d1c-178614fb4c32}</UniqueIdentifier>
    </Filter>
    <Filter Include="源文件\0800-0899\demo821">
      <UniqueIdentifier>{e8c22a9e-2b17-4aa3-b4bc-76b3a8b9e2ea}</UniqueIdentifier>
    </Filter>
    <Filter Include="源文件\0300-0399\demo388">
      <UniqueIdentifier>{302aa6b2-7fae-45fe-b0ed-70521dc71bd8}</UniqueIdentifier>
    </Filter>
    <Filter Include="源文件\0800-0899\demo824">
      <UniqueIdentifier>{20cb1c1e-2dfe-442f-8adf-3ffe02be4838}</UniqueIdentifier>
    </Filter>
    <Filter Include="源文件\0300-0399\demo396">
      <UniqueIdentifier>{45c857d0-99d8-4544-81ea-37f670f94388}</UniqueIdentifier>
    </Filter>
    <Filter Include="源文件\0001-0099\demo32">
      <UniqueIdentifier>{5c348693-ac1f-4948-8ff9-95bd00ee883e}</UniqueIdentifier>
    </Filter>
    <Filter Include="源文件\0001-0099\demo33">
      <UniqueIdentifier>{e2eb60eb-f4da-4a9c-8d5a-92c569d150ca}</UniqueIdentifier>
    </Filter>
    <Filter Include="源文件\0001-0099\demo34">
      <UniqueIdentifier>{687dcda1-c663-4c20-93ec-d5a3c3b5a4ac}</UniqueIdentifier>
    </Filter>
    <Filter Include="源文件\0001-0099\demo35">
      <UniqueIdentifier>{48dfd9c1-63ae-4604-8721-ed272fabdfbe}</UniqueIdentifier>
    </Filter>
    <Filter Include="源文件\0100-0199\demo100">
      <UniqueIdentifier>{a73feeae-7b2d-4b1a-8e8b-f8ed6f9dfe58}</UniqueIdentifier>
    </Filter>
    <Filter Include="源文件\0001-0099\demo36">
      <UniqueIdentifier>{f22e50bd-8d74-467b-887c-6b05ed659c31}</UniqueIdentifier>
    </Filter>
    <Filter Include="源文件\0001-0099\demo37">
      <UniqueIdentifier>{b7d4f08d-4ef7-4e2f-af20-0cb612871145}</UniqueIdentifier>
    </Filter>
    <Filter Include="源文件\0001-0099\demo38">
      <UniqueIdentifier>{993c2141-b914-4a19-80cb-f1bbddd41046}</UniqueIdentifier>
    </Filter>
    <Filter Include="源文件\0001-0099\demo39">
      <UniqueIdentifier>{421682e2-5b3c-44ef-b903-55e25ee1b9ed}</UniqueIdentifier>
    </Filter>
    <Filter Include="源文件\0001-0099\demo40">
      <UniqueIdentifier>{8761ad41-2ca8-4e83-81b5-114a14c134e5}</UniqueIdentifier>
    </Filter>
    <Filter Include="源文件\0001-0099\demo06">
      <UniqueIdentifier>{205f723e-4d20-4977-be77-7335e60cd2c4}</UniqueIdentifier>
    </Filter>
    <Filter Include="源文件\0500-0599\demo587">
      <UniqueIdentifier>{2e87e700-9fae-4884-8bd1-b817ba37df62}</UniqueIdentifier>
    </Filter>
    <Filter Include="源文件\0800-0899\demo868">
      <UniqueIdentifier>{6ba6c8ad-1397-470a-bc3f-04d750900c1e}</UniqueIdentifier>
    </Filter>
    <Filter Include="源文件\0300-0399\demo398">
      <UniqueIdentifier>{4dbbf857-ddd8-4054-9ef7-b5dd17b79026}</UniqueIdentifier>
    </Filter>
    <Filter Include="源文件\0800-0899\demo883">
      <UniqueIdentifier>{a8112e5e-36f4-458f-97c5-0e0bbc730941}</UniqueIdentifier>
    </Filter>
    <Filter Include="源文件\0400-0499\demo417">
      <UniqueIdentifier>{bcd895ee-2cd9-4ed9-bb1f-2f4e5564b820}</UniqueIdentifier>
    </Filter>
    <Filter Include="源文件\0900-0999\demo905">
      <UniqueIdentifier>{651b9c9b-c800-4b44-b86e-9f1c717dae5c}</UniqueIdentifier>
    </Filter>
    <Filter Include="源文件\0001-0099\demo41">
      <UniqueIdentifier>{95bc68c5-5214-4db2-af51-53a7e0cc9311}</UniqueIdentifier>
    </Filter>
    <Filter Include="源文件\0001-0099\demo42">
      <UniqueIdentifier>{873b6a62-5a64-498b-af3f-388aba16e0dd}</UniqueIdentifier>
    </Filter>
    <Filter Include="源文件\0001-0099\demo43">
      <UniqueIdentifier>{27e1a4e0-27fd-4927-a1a2-588c81c5eb4c}</UniqueIdentifier>
    </Filter>
    <Filter Include="源文件\0001-0099\demo44">
      <UniqueIdentifier>{8fc510a6-181d-44bb-92b3-2c9c50dbf808}</UniqueIdentifier>
    </Filter>
    <Filter Include="源文件\0001-0099\demo45">
      <UniqueIdentifier>{93590713-78c1-46ff-b479-87142581bc72}</UniqueIdentifier>
    </Filter>
    <Filter Include="源文件\0900-0999\demo908">
      <UniqueIdentifier>{02bae1ed-525d-4677-94f5-8aae6b3acbf8}</UniqueIdentifier>
    </Filter>
    <Filter Include="源文件\1300-1399">
      <UniqueIdentifier>{5be9028e-89cd-4f97-9bbd-103b93c5d545}</UniqueIdentifier>
    </Filter>
    <Filter Include="源文件\1300-1399\demo1305">
      <UniqueIdentifier>{53736c40-bb7a-482d-af60-2b8c4ad5d539}</UniqueIdentifier>
    </Filter>
  </ItemGroup>
  <ItemGroup>
    <ClCompile Include="Ahao.LeetCodeCPP.cpp">
      <Filter>源文件</Filter>
    </ClCompile>
    <ClCompile Include="440. 字典序的第K小数字.cpp">
      <Filter>源文件\0400-0499</Filter>
    </ClCompile>
    <ClCompile Include="420. 强密码检验器.cpp">
      <Filter>源文件\0400-0499</Filter>
    </ClCompile>
    <ClCompile Include="429. N 叉树的层序遍历.cpp">
      <Filter>源文件\0400-0499</Filter>
    </ClCompile>
    <ClCompile Include="1. 两数之和.cpp">
      <Filter>源文件\0001-0099\demo01</Filter>
    </ClCompile>
    <ClCompile Include="2.两数相加.cpp">
      <Filter>源文件\0001-0099\demo02</Filter>
    </ClCompile>
    <ClCompile Include="3. 无重复字符的最长子串.cpp">
      <Filter>源文件\0001-0099\demo03</Filter>
    </ClCompile>
    <ClCompile Include="9. 回文数.cpp">
      <Filter>源文件\0001-0099\demo09</Filter>
    </ClCompile>
    <ClCompile Include="4. 寻找两个正序数组的中位数.cpp">
      <Filter>源文件\0001-0099\demo04</Filter>
    </ClCompile>
    <ClCompile Include="5. 最长回文子串.cpp">
      <Filter>源文件\0001-0099\demo05</Filter>
    </ClCompile>
    <ClCompile Include="7. 整数反转.cpp">
      <Filter>源文件\0001-0099\demo07</Filter>
    </ClCompile>
    <ClCompile Include="8. 字符串转换整数 (atoi).cpp">
      <Filter>源文件\0001-0099\demo08</Filter>
    </ClCompile>
    <ClCompile Include="10. 正则表达式匹配.cpp">
      <Filter>源文件\0001-0099\demo10</Filter>
    </ClCompile>
    <ClCompile Include="11. 盛最多水的容器.cpp">
      <Filter>源文件\0001-0099\demo11</Filter>
    </ClCompile>
    <ClCompile Include="12. 整数转罗马数字.cpp">
      <Filter>源文件\0001-0099\demo12</Filter>
    </ClCompile>
    <ClCompile Include="19. 删除链表的倒数第 N 个结点.cpp">
      <Filter>源文件\0001-0099\demo19</Filter>
    </ClCompile>
    <ClCompile Include="13. 罗马数字转整数.cpp">
      <Filter>源文件\0001-0099\demo13</Filter>
    </ClCompile>
    <ClCompile Include="14. 最长公共前缀.cpp">
      <Filter>源文件\0001-0099\demo14</Filter>
    </ClCompile>
    <ClCompile Include="15. 三数之和.cpp">
      <Filter>源文件\0001-0099\demo15</Filter>
    </ClCompile>
    <ClCompile Include="16. 最接近的三数之和.cpp">
      <Filter>源文件\0001-0099\demo16</Filter>
    </ClCompile>
    <ClCompile Include="17. 电话号码的字母组合.cpp">
      <Filter>源文件\0001-0099\demo17</Filter>
    </ClCompile>
    <ClCompile Include="18. 四数之和.cpp">
      <Filter>源文件\0001-0099\demo18</Filter>
    </ClCompile>
    <ClCompile Include="172. 阶乘后的零.cpp">
      <Filter>源文件\0100-0199\demo172</Filter>
    </ClCompile>
    <ClCompile Include="2028. 找出缺失的观测数据.cpp">
      <Filter>源文件\2000-2099\demo2028</Filter>
    </ClCompile>
    <ClCompile Include="2038. 如果相邻两个颜色均相同则删除当前颜色.cpp">
      <Filter>源文件\2000-2099\demo2038</Filter>
    </ClCompile>
    <ClCompile Include="2039. 网络空闲的时刻.cpp">
      <Filter>源文件\2000-2099\demo2039</Filter>
    </ClCompile>
    <ClCompile Include="1616. 分割两个字符串得到回文串.cpp">
      <Filter>源文件\1600-1699\demo1616</Filter>
    </ClCompile>
    <ClCompile Include="1622. 奇妙序列.cpp">
      <Filter>源文件\1600-1699\demo1622</Filter>
    </ClCompile>
    <ClCompile Include="1672. 最富有客户的资产总量.cpp">
      <Filter>源文件\1600-1699\demo1672</Filter>
    </ClCompile>
    <ClCompile Include="954. 二倍数对数组.cpp">
      <Filter>源文件\0900-0999\demo954</Filter>
    </ClCompile>
    <ClCompile Include="806. 写字符串需要的行数.cpp">
      <Filter>源文件\0800-0899\demo806</Filter>
    </ClCompile>
    <ClCompile Include="804. 唯一摩尔斯密码词.cpp">
      <Filter>源文件\0800-0899\demo804</Filter>
    </ClCompile>
    <ClCompile Include="728. 自除数.cpp">
      <Filter>源文件\0700-0799\demo728</Filter>
    </ClCompile>
    <ClCompile Include="724. 寻找数组的中心下标.cpp">
      <Filter>源文件\0700-0799\demo724</Filter>
    </ClCompile>
    <ClCompile Include="744. 寻找比目标字母大的最小字母.cpp">
      <Filter>源文件\0700-0799\demo744</Filter>
    </ClCompile>
    <ClCompile Include="762. 二进制表示中质数个计算置位.cpp">
      <Filter>源文件\0700-0799\demo762</Filter>
    </ClCompile>
    <ClCompile Include="780. 到达终点.cpp">
      <Filter>源文件\0700-0799\demo780</Filter>
    </ClCompile>
    <ClCompile Include="796. 旋转字符串.cpp">
      <Filter>源文件\0700-0799\demo796</Filter>
    </ClCompile>
    <ClCompile Include="606. 根据二叉树创建字符串.cpp">
      <Filter>源文件\0600-0699\demo606</Filter>
    </ClCompile>
    <ClCompile Include="653. 两数之和 IV - 输入 BST.cpp">
      <Filter>源文件\0600-0699\demo653</Filter>
    </ClCompile>
    <ClCompile Include="661. 图片平滑器.cpp">
      <Filter>源文件\0600-0699\demo661</Filter>
    </ClCompile>
    <ClCompile Include="682. 棒球比赛.cpp">
      <Filter>源文件\0600-0699\demo682</Filter>
    </ClCompile>
    <ClCompile Include="693. 交替位二进制数.cpp">
      <Filter>源文件\0600-0699\demo693</Filter>
    </ClCompile>
    <ClCompile Include="385. 迷你语法分析器.cpp">
      <Filter>源文件\0300-0399\demo385</Filter>
    </ClCompile>
    <ClCompile Include="380. O(1) 时间插入、删除和获取随机元素.cpp">
      <Filter>源文件\0300-0399\demo380</Filter>
    </ClCompile>
    <ClCompile Include="307. 区域和检索 - 数组可修改.cpp">
      <Filter>源文件\0300-0399\demo307</Filter>
    </ClCompile>
    <ClCompile Include="310. 最小高度树.cpp">
      <Filter>源文件\0300-0399\demo310</Filter>
    </ClCompile>
    <ClCompile Include="357. 统计各位数字都不同的数字个数.cpp">
      <Filter>源文件\0300-0399\demo357</Filter>
    </ClCompile>
    <ClCompile Include="20. 有效的括号.cpp">
      <Filter>源文件\0001-0099\demo20</Filter>
    </ClCompile>
    <ClCompile Include="21. 合并两个有序链表.cpp">
      <Filter>源文件\0001-0099\demo21</Filter>
    </ClCompile>
    <ClCompile Include="22. 括号生成.cpp">
      <Filter>源文件\0001-0099\demo22</Filter>
    </ClCompile>
    <ClCompile Include="23. 合并K个升序链表.cpp">
      <Filter>源文件\0001-0099\demo23</Filter>
    </ClCompile>
    <ClCompile Include="24. 两两交换链表中的节点.cpp">
      <Filter>源文件\0001-0099\demo24</Filter>
    </ClCompile>
    <ClCompile Include="25. K 个一组翻转链表.cpp">
      <Filter>源文件\0001-0099\demo25</Filter>
    </ClCompile>
    <ClCompile Include="26. 删除有序数组中的重复项.cpp">
      <Filter>源文件\0001-0099\demo26</Filter>
    </ClCompile>
    <ClCompile Include="479. 最大回文数乘积.cpp">
      <Filter>源文件\0400-0499\demo479</Filter>
    </ClCompile>
    <ClCompile Include="819. 最常见的单词.cpp">
      <Filter>源文件\0800-0899\demo819</Filter>
    </ClCompile>
    <ClCompile Include="27. 移除元素.cpp">
      <Filter>源文件\0001-0099\demo27</Filter>
    </ClCompile>
    <ClCompile Include="28. 实现 strStr().cpp">
      <Filter>源文件\0001-0099\demo28</Filter>
    </ClCompile>
    <ClCompile Include="29. 两数相除.cpp">
      <Filter>源文件\0001-0099\demo29</Filter>
    </ClCompile>
    <ClCompile Include="386. 字典序排数.cpp">
      <Filter>源文件\0300-0399\demo386</Filter>
    </ClCompile>
    <ClCompile Include="821. 字符的最短距离.cpp">
      <Filter>源文件\0800-0899\demo821</Filter>
    </ClCompile>
    <ClCompile Include="388. 文件的最长绝对路径.cpp">
      <Filter>源文件\0300-0399\demo388</Filter>
    </ClCompile>
    <ClCompile Include="824. 山羊拉丁文.cpp">
      <Filter>源文件\0800-0899\demo824</Filter>
    </ClCompile>
    <ClCompile Include="396. 旋转函数.cpp">
      <Filter>源文件\0300-0399\demo396</Filter>
    </ClCompile>
    <ClCompile Include="30. 串联所有单词的子串.cpp">
      <Filter>源文件\0001-0099\demo30</Filter>
    </ClCompile>
    <ClCompile Include="31. 下一个排列.cpp">
      <Filter>源文件\0001-0099\demo31</Filter>
    </ClCompile>
    <ClCompile Include="32. 最长有效括号.cpp">
      <Filter>源文件\0001-0099\demo32</Filter>
    </ClCompile>
    <ClCompile Include="33. 搜索旋转排序数组.cpp">
      <Filter>源文件\0001-0099\demo33</Filter>
    </ClCompile>
    <ClCompile Include="34. 在排序数组中查找元素的第一个和最后一个位置.cpp">
      <Filter>源文件\0001-0099\demo34</Filter>
    </ClCompile>
    <ClCompile Include="35. 搜索插入位置.cpp">
      <Filter>源文件\0001-0099\demo35</Filter>
    </ClCompile>
    <ClCompile Include="36. 有效的数独.cpp">
      <Filter>源文件\0001-0099\demo36</Filter>
    </ClCompile>
    <ClCompile Include="37. 解数独.cpp">
      <Filter>源文件\0001-0099\demo37</Filter>
    </ClCompile>
    <ClCompile Include="38. 外观数列.cpp">
      <Filter>源文件\0001-0099\demo38</Filter>
    </ClCompile>
    <ClCompile Include="39. 组合总和.cpp">
      <Filter>源文件\0001-0099\demo39</Filter>
    </ClCompile>
    <ClCompile Include="40. 组合总和 II.cpp">
      <Filter>源文件\0001-0099\demo40</Filter>
    </ClCompile>
    <ClCompile Include="587. 安装栅栏.cpp">
      <Filter>源文件\0500-0599\demo587</Filter>
    </ClCompile>
    <ClCompile Include="868. 二进制间距.cpp">
      <Filter>源文件\0800-0899\demo868</Filter>
    </ClCompile>
    <ClCompile Include="398. 随机数索引.cpp">
      <Filter>源文件\0300-0399\demo398</Filter>
    </ClCompile>
    <ClCompile Include="883. 三维形体投影面积.cpp">
      <Filter>源文件\0800-0899\demo883</Filter>
    </ClCompile>
    <ClCompile Include="417. 太平洋大西洋水流问题.cpp">
      <Filter>源文件\0400-0499\demo417</Filter>
    </ClCompile>
    <ClCompile Include="905. 按奇偶排序数组.cpp">
      <Filter>源文件\0900-0999\demo905</Filter>
    </ClCompile>
    <ClCompile Include="41. 缺失的第一个正数.cpp">
      <Filter>源文件\0001-0099\demo41</Filter>
    </ClCompile>
    <ClCompile Include="42. 接雨水.cpp">
      <Filter>源文件\0001-0099\demo42</Filter>
    </ClCompile>
    <ClCompile Include="908. 最小差值 I.cpp">
      <Filter>源文件\0900-0999\demo908</Filter>
    </ClCompile>
    <ClCompile Include="1305. 两棵二叉搜索树中的所有元素.cpp">
      <Filter>源文件\1300-1399\demo1305</Filter>
    </ClCompile>
  </ItemGroup>
  <ItemGroup>
    <None Include="6. Z 字形变换.cpp">
      <Filter>源文件\0001-0099\demo06</Filter>
    </None>
  </ItemGroup>
  <ItemGroup>
    <Text Include="20-题目描述和思路.txt">
      <Filter>源文件\0001-0099\demo20</Filter>
    </Text>
    <Text Include="21-题目描述和思路.txt">
      <Filter>源文件\0001-0099\demo21</Filter>
    </Text>
    <Text Include="22-题目描述和思路.txt">
      <Filter>源文件\0001-0099\demo22</Filter>
    </Text>
    <Text Include="23-题目描述和思路.txt">
      <Filter>源文件\0001-0099\demo23</Filter>
    </Text>
    <Text Include="24-题目描述和思路.txt">
      <Filter>源文件\0001-0099\demo24</Filter>
    </Text>
    <Text Include="25-题目描述和思路.txt">
      <Filter>源文件\0001-0099\demo25</Filter>
    </Text>
    <Text Include="26-题目描述和思路.txt">
      <Filter>源文件\0001-0099\demo26</Filter>
    </Text>
    <Text Include="479-题目描述和思路.txt">
      <Filter>源文件\0400-0499\demo479</Filter>
    </Text>
    <Text Include="819-题目描述和思路.txt">
      <Filter>源文件\0800-0899\demo819</Filter>
    </Text>
  </ItemGroup>
</Project>